
Microsoft Visual Studio Solution File, Format Version 12.00
# Visual Studio 2012
VisualStudioVersion = 12.0.30723.0
MinimumVisualStudioVersion = 10.0.40219.1
Project("{2150E333-8FDC-42A3-9474-1A3956D46DE8}") = "src.HolisticWare", "src.HolisticWare", "{6882AA0F-683A-4660-BF39-F9F00CC351DD}"
EndProject
Project("{FAE04EC0-301F-11D3-BF4B-00C04F79EFBC}") = "Xamarin.Auth.Portable", "src.HolisticWare\Xamarin.Auth\Xamarin.Auth.Portable\Xamarin.Auth.Portable.csproj", "{87580927-9F8E-42AE-BDFE-35F95ABF17D8}"
EndProject
Project("{FAE04EC0-301F-11D3-BF4B-00C04F79EFBC}") = "Xamarin.Auth.LinkSource", "src.HolisticWare\Xamarin.Auth\Xamarin.Auth.LinkSource\Xamarin.Auth.LinkSource.csproj", "{EDE30D4F-FC0D-458A-A358-A745FC138DF3}"
EndProject
Project("{FAE04EC0-301F-11D3-BF4B-00C04F79EFBC}") = "Xamarin.Auth.XamarinAndroid", "src.HolisticWare\Xamarin.Auth\Xamarin.Auth.XamarinAndroid\Xamarin.Auth.XamarinAndroid.csproj", "{D46E20A0-DBA9-49A5-B45E-CE4664850445}"
EndProject
Project("{FAE04EC0-301F-11D3-BF4B-00C04F79EFBC}") = "Xamarin.Auth.XamarinIOS", "src.HolisticWare\Xamarin.Auth\Xamarin.Auth.XamarinIOS\Xamarin.Auth.XamarinIOS.csproj", "{15BE2387-8E72-4C0B-8A6A-460EF5FA4539}"
EndProject
Project("{FAE04EC0-301F-11D3-BF4B-00C04F79EFBC}") = "Xamarin.Auth.WindowsPhone8", "src.HolisticWare\Xamarin.Auth\Xamarin.Auth.WindowsPhone8\Xamarin.Auth.WindowsPhone8.csproj", "{08470E0D-EB43-4E07-92F4-020DF019F628}"
EndProject
Project("{FAE04EC0-301F-11D3-BF4B-00C04F79EFBC}") = "Xamarin.Auth.XamarinIOS.Classic", "src.HolisticWare\Xamarin.Auth\Xamarin.Auth.XamarinIOS.Classic\Xamarin.Auth.XamarinIOS.Classic.csproj", "{4783294D-8B20-4EBE-90F1-602BF7DD584E}"
EndProject
Project("{2150E333-8FDC-42A3-9474-1A3956D46DE8}") = "tests", "tests", "{F0C3B07C-A7E1-48AA-911B-35CE49323A36}"
EndProject
Project("{2150E333-8FDC-42A3-9474-1A3956D46DE8}") = "project-references", "project-references", "{1C205FEF-7F1A-4892-A19E-D56C8003382F}"
EndProject
Project("{FAE04EC0-301F-11D3-BF4B-00C04F79EFBC}") = "Xamarin.Auth.Android.Test", "tests\project-references\Xamarin.Auth.Android.Test\Xamarin.Auth.Android.Test.csproj", "{90E6A56F-0922-427D-B9DB-C6D1698972B6}"
EndProject
Project("{FAE04EC0-301F-11D3-BF4B-00C04F79EFBC}") = "Xamarin.Auth.iOS.Test", "tests\project-references\Xamarin.Auth.iOS.Test\Xamarin.Auth.iOS.Test.csproj", "{FB361F3C-66D3-4B16-9FBF-62C06F7815FD}"
EndProject
Project("{FAE04EC0-301F-11D3-BF4B-00C04F79EFBC}") = "Xamarin.Auth.UnitTests.XamarinAndroid", "tests\project-references\Xamarin.Auth.UnitTests.XamarinAndroid\Xamarin.Auth.UnitTests.XamarinAndroid.csproj", "{440C460F-6ED0-4E0D-B715-C307CE0C4C4B}"
EndProject
Project("{FAE04EC0-301F-11D3-BF4B-00C04F79EFBC}") = "Xamarin.Auth.UnitTests.XamarinIOS", "tests\project-references\Xamarin.Auth.UnitTests.XamarinIOS\Xamarin.Auth.UnitTests.XamarinIOS.csproj", "{3937B59E-F9E2-41E4-9E5C-5F8A63A361AE}"
EndProject
Project("{FAE04EC0-301F-11D3-BF4B-00C04F79EFBC}") = "Xamarin.Auth.UnitTests.XamarinIOS.Classic", "tests\project-references\Xamarin.Auth.UnitTests.XamarinIOS.Classic\Xamarin.Auth.UnitTests.XamarinIOS.Classic.csproj", "{4ECEC594-F1BE-4904-937A-8DDF7C7B5479}"
EndProject
Project("{FAE04EC0-301F-11D3-BF4B-00C04F79EFBC}") = "Xamarin.Auth.XamarinUITests.XamarinAndroid", "tests\project-references\Xamarin.Auth.XamarinUITests.XamarinAndroid\Xamarin.Auth.XamarinUITests.XamarinAndroid.csproj", "{A89DB3FC-EB88-4CDB-830A-93352CB2F9FF}"
EndProject
Project("{FAE04EC0-301F-11D3-BF4B-00C04F79EFBC}") = "Xamarin.Auth.XamarinUITests.XamarinIOS", "tests\project-references\Xamarin.Auth.XamarinUITests.XamarinIOS\Xamarin.Auth.XamarinUITests.XamarinIOS.csproj", "{6CCC688D-8987-4831-B208-649F5ED561F0}"
EndProject
Project("{FAE04EC0-301F-11D3-BF4B-00C04F79EFBC}") = "Xamarin.Auth.XamarinUITests.XamarinIOS.Classic", "tests\project-references\Xamarin.Auth.XamarinUITests.XamarinIOS.Classic\Xamarin.Auth.XamarinUITests.XamarinIOS.Classic.csproj", "{1C14B9FC-B0EC-4D38-B14A-5885B6A32196}"
EndProject
Project("{2150E333-8FDC-42A3-9474-1A3956D46DE8}") = "nuget-references", "nuget-references", "{1D590646-D639-4E6F-BC8C-2476A4FE632B}"
EndProject
Project("{FAE04EC0-301F-11D3-BF4B-00C04F79EFBC}") = "Xamarin.Auth.Android.Test.NuGet", "tests\nuget-references\Xamarin.Auth.Android.Test\Xamarin.Auth.Android.Test.NuGet.csproj", "{11601EEE-E605-419A-8BC8-C3093AEC7B9A}"
EndProject
Project("{FAE04EC0-301F-11D3-BF4B-00C04F79EFBC}") = "Xamarin.Auth.iOS.Test.NuGet", "tests\nuget-references\Xamarin.Auth.iOS.Test\Xamarin.Auth.iOS.Test.NuGet.csproj", "{2335FEC4-6734-40EB-A7F1-6E9182D70604}"
EndProject
Project("{FAE04EC0-301F-11D3-BF4B-00C04F79EFBC}") = "Xamarin.Auth.UnitTests.XamarinAndroid.NuGet", "tests\nuget-references\Xamarin.Auth.UnitTests.XamarinAndroid\Xamarin.Auth.UnitTests.XamarinAndroid.NuGet.csproj", "{5F36CD09-68AD-498E-990F-481A3DE346A5}"
EndProject
Project("{FAE04EC0-301F-11D3-BF4B-00C04F79EFBC}") = "Xamarin.Auth.UnitTests.XamarinIOS.NuGet", "tests\nuget-references\Xamarin.Auth.UnitTests.XamarinIOS\Xamarin.Auth.UnitTests.XamarinIOS.NuGet.csproj", "{B9A22EAA-D37E-464C-91B7-8927B4ADCD54}"
EndProject
Project("{FAE04EC0-301F-11D3-BF4B-00C04F79EFBC}") = "Xamarin.Auth.UnitTests.XamarinIOS.Classic.NuGet", "tests\nuget-references\Xamarin.Auth.UnitTests.XamarinIOS.Classic\Xamarin.Auth.UnitTests.XamarinIOS.Classic.NuGet.csproj", "{CCB9980E-CDB0-4A3D-854D-4555D2DE2EA7}"
EndProject
Project("{FAE04EC0-301F-11D3-BF4B-00C04F79EFBC}") = "Xamarin.Auth.XamarinUITests.XamarinAndroid.NuGet", "tests\nuget-references\Xamarin.Auth.XamarinUITests.XamarinAndroid\Xamarin.Auth.XamarinUITests.XamarinAndroid.NuGet.csproj", "{303FCDB9-A74D-4C14-B7C7-348955BABA7E}"
EndProject
Project("{FAE04EC0-301F-11D3-BF4B-00C04F79EFBC}") = "Xamarin.Auth.XamarinUITests.XamarinIOS.NuGet", "tests\nuget-references\Xamarin.Auth.XamarinUITests.XamarinIOS\Xamarin.Auth.XamarinUITests.XamarinIOS.NuGet.csproj", "{9E169395-1350-4819-BB35-34EAC3287096}"
EndProject
Project("{FAE04EC0-301F-11D3-BF4B-00C04F79EFBC}") = "Xamarin.Auth.XamarinUITests.XamarinIOS.Classic.NuGet", "tests\nuget-references\Xamarin.Auth.XamarinUITests.XamarinIOS.Classic\Xamarin.Auth.XamarinUITests.XamarinIOS.Classic.NuGet.csproj", "{E2BEE375-7A04-41FF-9312-A82D6DE4A80D}"
EndProject
Project("{2150E333-8FDC-42A3-9474-1A3956D46DE8}") = ".nuget", ".nuget", "{73798C80-EB18-442B-9ACD-56A863B942E4}"
	ProjectSection(SolutionItems) = preProject
		.nuget\packages.config = .nuget\packages.config
	EndProjectSection
EndProject
Project("{2150E333-8FDC-42A3-9474-1A3956D46DE8}") = "samples", "samples", "{6DF7651E-0409-4722-A064-9A334BFFD228}"
EndProject
Global
	GlobalSection(SolutionConfigurationPlatforms) = preSolution
		Ad-Hoc|Any CPU = Ad-Hoc|Any CPU
		Ad-Hoc|ARM = Ad-Hoc|ARM
		Ad-Hoc|iPhone = Ad-Hoc|iPhone
		Ad-Hoc|iPhoneSimulator = Ad-Hoc|iPhoneSimulator
		Ad-Hoc|Mixed Platforms = Ad-Hoc|Mixed Platforms
		Ad-Hoc|x86 = Ad-Hoc|x86
		AppStore|Any CPU = AppStore|Any CPU
		AppStore|ARM = AppStore|ARM
		AppStore|iPhone = AppStore|iPhone
		AppStore|iPhoneSimulator = AppStore|iPhoneSimulator
		AppStore|Mixed Platforms = AppStore|Mixed Platforms
		AppStore|x86 = AppStore|x86
		Debug|Any CPU = Debug|Any CPU
		Debug|ARM = Debug|ARM
		Debug|iPhone = Debug|iPhone
		Debug|iPhoneSimulator = Debug|iPhoneSimulator
		Debug|Mixed Platforms = Debug|Mixed Platforms
		Debug|x86 = Debug|x86
		Release|Any CPU = Release|Any CPU
		Release|ARM = Release|ARM
		Release|iPhone = Release|iPhone
		Release|iPhoneSimulator = Release|iPhoneSimulator
		Release|Mixed Platforms = Release|Mixed Platforms
		Release|x86 = Release|x86
	EndGlobalSection
	GlobalSection(ProjectConfigurationPlatforms) = postSolution
		{08470E0D-EB43-4E07-92F4-020DF019F628}.Ad-Hoc|Any CPU.ActiveCfg = Release|Any CPU
		{08470E0D-EB43-4E07-92F4-020DF019F628}.Ad-Hoc|ARM.ActiveCfg = Release|ARM
		{08470E0D-EB43-4E07-92F4-020DF019F628}.Ad-Hoc|iPhone.ActiveCfg = Debug|Any CPU
		{08470E0D-EB43-4E07-92F4-020DF019F628}.Ad-Hoc|iPhone.Build.0 = Debug|Any CPU
		{08470E0D-EB43-4E07-92F4-020DF019F628}.Ad-Hoc|iPhoneSimulator.ActiveCfg = Release|Any CPU
		{08470E0D-EB43-4E07-92F4-020DF019F628}.Ad-Hoc|Mixed Platforms.ActiveCfg = Release|x86
		{08470E0D-EB43-4E07-92F4-020DF019F628}.Ad-Hoc|Mixed Platforms.Build.0 = Release|x86
		{08470E0D-EB43-4E07-92F4-020DF019F628}.Ad-Hoc|x86.ActiveCfg = Release|x86
		{08470E0D-EB43-4E07-92F4-020DF019F628}.AppStore|Any CPU.ActiveCfg = Release|Any CPU
		{08470E0D-EB43-4E07-92F4-020DF019F628}.AppStore|ARM.ActiveCfg = Release|ARM
		{08470E0D-EB43-4E07-92F4-020DF019F628}.AppStore|iPhone.ActiveCfg = Debug|Any CPU
		{08470E0D-EB43-4E07-92F4-020DF019F628}.AppStore|iPhone.Build.0 = Debug|Any CPU
		{08470E0D-EB43-4E07-92F4-020DF019F628}.AppStore|iPhoneSimulator.ActiveCfg = Release|Any CPU
		{08470E0D-EB43-4E07-92F4-020DF019F628}.AppStore|Mixed Platforms.ActiveCfg = Release|x86
		{08470E0D-EB43-4E07-92F4-020DF019F628}.AppStore|Mixed Platforms.Build.0 = Release|x86
		{08470E0D-EB43-4E07-92F4-020DF019F628}.AppStore|x86.ActiveCfg = Release|x86
		{08470E0D-EB43-4E07-92F4-020DF019F628}.Debug|Any CPU.ActiveCfg = Debug|Any CPU
		{08470E0D-EB43-4E07-92F4-020DF019F628}.Debug|Any CPU.Build.0 = Debug|Any CPU
		{08470E0D-EB43-4E07-92F4-020DF019F628}.Debug|ARM.ActiveCfg = Debug|ARM
		{08470E0D-EB43-4E07-92F4-020DF019F628}.Debug|ARM.Build.0 = Debug|ARM
		{08470E0D-EB43-4E07-92F4-020DF019F628}.Debug|iPhone.ActiveCfg = Debug|Any CPU
		{08470E0D-EB43-4E07-92F4-020DF019F628}.Debug|iPhone.Build.0 = Debug|Any CPU
		{08470E0D-EB43-4E07-92F4-020DF019F628}.Debug|iPhoneSimulator.ActiveCfg = Debug|Any CPU
		{08470E0D-EB43-4E07-92F4-020DF019F628}.Debug|iPhoneSimulator.Build.0 = Debug|Any CPU
		{08470E0D-EB43-4E07-92F4-020DF019F628}.Debug|Mixed Platforms.ActiveCfg = Debug|x86
		{08470E0D-EB43-4E07-92F4-020DF019F628}.Debug|Mixed Platforms.Build.0 = Debug|x86
		{08470E0D-EB43-4E07-92F4-020DF019F628}.Debug|x86.ActiveCfg = Debug|x86
		{08470E0D-EB43-4E07-92F4-020DF019F628}.Debug|x86.Build.0 = Debug|x86
		{08470E0D-EB43-4E07-92F4-020DF019F628}.Release|Any CPU.ActiveCfg = Release|Any CPU
		{08470E0D-EB43-4E07-92F4-020DF019F628}.Release|Any CPU.Build.0 = Release|Any CPU
		{08470E0D-EB43-4E07-92F4-020DF019F628}.Release|ARM.ActiveCfg = Release|ARM
		{08470E0D-EB43-4E07-92F4-020DF019F628}.Release|ARM.Build.0 = Release|ARM
		{08470E0D-EB43-4E07-92F4-020DF019F628}.Release|iPhone.ActiveCfg = Release|Any CPU
		{08470E0D-EB43-4E07-92F4-020DF019F628}.Release|iPhone.Build.0 = Release|Any CPU
		{08470E0D-EB43-4E07-92F4-020DF019F628}.Release|iPhoneSimulator.ActiveCfg = Release|Any CPU
		{08470E0D-EB43-4E07-92F4-020DF019F628}.Release|iPhoneSimulator.Build.0 = Release|Any CPU
		{08470E0D-EB43-4E07-92F4-020DF019F628}.Release|Mixed Platforms.ActiveCfg = Release|x86
		{08470E0D-EB43-4E07-92F4-020DF019F628}.Release|Mixed Platforms.Build.0 = Release|x86
		{08470E0D-EB43-4E07-92F4-020DF019F628}.Release|x86.ActiveCfg = Release|x86
		{08470E0D-EB43-4E07-92F4-020DF019F628}.Release|x86.Build.0 = Release|x86
		{11601EEE-E605-419A-8BC8-C3093AEC7B9A}.Ad-Hoc|Any CPU.ActiveCfg = Release|Any CPU
		{11601EEE-E605-419A-8BC8-C3093AEC7B9A}.Ad-Hoc|Any CPU.Build.0 = Release|Any CPU
		{11601EEE-E605-419A-8BC8-C3093AEC7B9A}.Ad-Hoc|Any CPU.Deploy.0 = Release|Any CPU
		{11601EEE-E605-419A-8BC8-C3093AEC7B9A}.Ad-Hoc|ARM.ActiveCfg = Release|Any CPU
		{11601EEE-E605-419A-8BC8-C3093AEC7B9A}.Ad-Hoc|iPhone.ActiveCfg = Release|Any CPU
		{11601EEE-E605-419A-8BC8-C3093AEC7B9A}.Ad-Hoc|iPhoneSimulator.ActiveCfg = Release|Any CPU
		{11601EEE-E605-419A-8BC8-C3093AEC7B9A}.Ad-Hoc|Mixed Platforms.ActiveCfg = Release|Any CPU
		{11601EEE-E605-419A-8BC8-C3093AEC7B9A}.Ad-Hoc|Mixed Platforms.Build.0 = Release|Any CPU
		{11601EEE-E605-419A-8BC8-C3093AEC7B9A}.Ad-Hoc|Mixed Platforms.Deploy.0 = Release|Any CPU
		{11601EEE-E605-419A-8BC8-C3093AEC7B9A}.Ad-Hoc|x86.ActiveCfg = Release|Any CPU
		{11601EEE-E605-419A-8BC8-C3093AEC7B9A}.AppStore|Any CPU.ActiveCfg = Release|Any CPU
		{11601EEE-E605-419A-8BC8-C3093AEC7B9A}.AppStore|Any CPU.Build.0 = Release|Any CPU
		{11601EEE-E605-419A-8BC8-C3093AEC7B9A}.AppStore|Any CPU.Deploy.0 = Release|Any CPU
		{11601EEE-E605-419A-8BC8-C3093AEC7B9A}.AppStore|ARM.ActiveCfg = Release|Any CPU
		{11601EEE-E605-419A-8BC8-C3093AEC7B9A}.AppStore|iPhone.ActiveCfg = Release|Any CPU
		{11601EEE-E605-419A-8BC8-C3093AEC7B9A}.AppStore|iPhoneSimulator.ActiveCfg = Release|Any CPU
		{11601EEE-E605-419A-8BC8-C3093AEC7B9A}.AppStore|Mixed Platforms.ActiveCfg = Release|Any CPU
		{11601EEE-E605-419A-8BC8-C3093AEC7B9A}.AppStore|Mixed Platforms.Build.0 = Release|Any CPU
		{11601EEE-E605-419A-8BC8-C3093AEC7B9A}.AppStore|Mixed Platforms.Deploy.0 = Release|Any CPU
		{11601EEE-E605-419A-8BC8-C3093AEC7B9A}.AppStore|x86.ActiveCfg = Release|Any CPU
		{11601EEE-E605-419A-8BC8-C3093AEC7B9A}.Debug|Any CPU.ActiveCfg = Debug|Any CPU
		{11601EEE-E605-419A-8BC8-C3093AEC7B9A}.Debug|Any CPU.Build.0 = Debug|Any CPU
		{11601EEE-E605-419A-8BC8-C3093AEC7B9A}.Debug|Any CPU.Deploy.0 = Debug|Any CPU
		{11601EEE-E605-419A-8BC8-C3093AEC7B9A}.Debug|ARM.ActiveCfg = Debug|Any CPU
		{11601EEE-E605-419A-8BC8-C3093AEC7B9A}.Debug|iPhone.ActiveCfg = Debug|Any CPU
		{11601EEE-E605-419A-8BC8-C3093AEC7B9A}.Debug|iPhoneSimulator.ActiveCfg = Debug|Any CPU
		{11601EEE-E605-419A-8BC8-C3093AEC7B9A}.Debug|Mixed Platforms.ActiveCfg = Debug|Any CPU
		{11601EEE-E605-419A-8BC8-C3093AEC7B9A}.Debug|Mixed Platforms.Build.0 = Debug|Any CPU
		{11601EEE-E605-419A-8BC8-C3093AEC7B9A}.Debug|Mixed Platforms.Deploy.0 = Debug|Any CPU
		{11601EEE-E605-419A-8BC8-C3093AEC7B9A}.Debug|x86.ActiveCfg = Debug|Any CPU
		{11601EEE-E605-419A-8BC8-C3093AEC7B9A}.Release|Any CPU.ActiveCfg = Release|Any CPU
		{11601EEE-E605-419A-8BC8-C3093AEC7B9A}.Release|Any CPU.Build.0 = Release|Any CPU
		{11601EEE-E605-419A-8BC8-C3093AEC7B9A}.Release|Any CPU.Deploy.0 = Release|Any CPU
		{11601EEE-E605-419A-8BC8-C3093AEC7B9A}.Release|ARM.ActiveCfg = Release|Any CPU
		{11601EEE-E605-419A-8BC8-C3093AEC7B9A}.Release|iPhone.ActiveCfg = Release|Any CPU
		{11601EEE-E605-419A-8BC8-C3093AEC7B9A}.Release|iPhoneSimulator.ActiveCfg = Release|Any CPU
		{11601EEE-E605-419A-8BC8-C3093AEC7B9A}.Release|Mixed Platforms.ActiveCfg = Release|Any CPU
		{11601EEE-E605-419A-8BC8-C3093AEC7B9A}.Release|Mixed Platforms.Build.0 = Release|Any CPU
		{11601EEE-E605-419A-8BC8-C3093AEC7B9A}.Release|Mixed Platforms.Deploy.0 = Release|Any CPU
		{11601EEE-E605-419A-8BC8-C3093AEC7B9A}.Release|x86.ActiveCfg = Release|Any CPU
		{15BE2387-8E72-4C0B-8A6A-460EF5FA4539}.Ad-Hoc|Any CPU.ActiveCfg = Release|Any CPU
		{15BE2387-8E72-4C0B-8A6A-460EF5FA4539}.Ad-Hoc|ARM.ActiveCfg = Release|Any CPU
		{15BE2387-8E72-4C0B-8A6A-460EF5FA4539}.Ad-Hoc|iPhone.ActiveCfg = Debug|Any CPU
		{15BE2387-8E72-4C0B-8A6A-460EF5FA4539}.Ad-Hoc|iPhone.Build.0 = Debug|Any CPU
		{15BE2387-8E72-4C0B-8A6A-460EF5FA4539}.Ad-Hoc|iPhoneSimulator.ActiveCfg = Release|Any CPU
		{15BE2387-8E72-4C0B-8A6A-460EF5FA4539}.Ad-Hoc|Mixed Platforms.ActiveCfg = Release|Any CPU
		{15BE2387-8E72-4C0B-8A6A-460EF5FA4539}.Ad-Hoc|Mixed Platforms.Build.0 = Release|Any CPU
		{15BE2387-8E72-4C0B-8A6A-460EF5FA4539}.Ad-Hoc|x86.ActiveCfg = Release|Any CPU
		{15BE2387-8E72-4C0B-8A6A-460EF5FA4539}.AppStore|Any CPU.ActiveCfg = Release|Any CPU
		{15BE2387-8E72-4C0B-8A6A-460EF5FA4539}.AppStore|ARM.ActiveCfg = Release|Any CPU
		{15BE2387-8E72-4C0B-8A6A-460EF5FA4539}.AppStore|iPhone.ActiveCfg = Debug|Any CPU
		{15BE2387-8E72-4C0B-8A6A-460EF5FA4539}.AppStore|iPhone.Build.0 = Debug|Any CPU
		{15BE2387-8E72-4C0B-8A6A-460EF5FA4539}.AppStore|iPhoneSimulator.ActiveCfg = Release|Any CPU
		{15BE2387-8E72-4C0B-8A6A-460EF5FA4539}.AppStore|Mixed Platforms.ActiveCfg = Release|Any CPU
		{15BE2387-8E72-4C0B-8A6A-460EF5FA4539}.AppStore|Mixed Platforms.Build.0 = Release|Any CPU
		{15BE2387-8E72-4C0B-8A6A-460EF5FA4539}.AppStore|x86.ActiveCfg = Release|Any CPU
		{15BE2387-8E72-4C0B-8A6A-460EF5FA4539}.Debug|Any CPU.ActiveCfg = Debug|Any CPU
		{15BE2387-8E72-4C0B-8A6A-460EF5FA4539}.Debug|Any CPU.Build.0 = Debug|Any CPU
		{15BE2387-8E72-4C0B-8A6A-460EF5FA4539}.Debug|ARM.ActiveCfg = Debug|Any CPU
		{15BE2387-8E72-4C0B-8A6A-460EF5FA4539}.Debug|iPhone.ActiveCfg = Debug|Any CPU
		{15BE2387-8E72-4C0B-8A6A-460EF5FA4539}.Debug|iPhone.Build.0 = Debug|Any CPU
		{15BE2387-8E72-4C0B-8A6A-460EF5FA4539}.Debug|iPhoneSimulator.ActiveCfg = Debug|Any CPU
		{15BE2387-8E72-4C0B-8A6A-460EF5FA4539}.Debug|iPhoneSimulator.Build.0 = Debug|Any CPU
		{15BE2387-8E72-4C0B-8A6A-460EF5FA4539}.Debug|Mixed Platforms.ActiveCfg = Debug|Any CPU
		{15BE2387-8E72-4C0B-8A6A-460EF5FA4539}.Debug|Mixed Platforms.Build.0 = Debug|Any CPU
		{15BE2387-8E72-4C0B-8A6A-460EF5FA4539}.Debug|x86.ActiveCfg = Debug|Any CPU
		{15BE2387-8E72-4C0B-8A6A-460EF5FA4539}.Release|Any CPU.ActiveCfg = Release|Any CPU
		{15BE2387-8E72-4C0B-8A6A-460EF5FA4539}.Release|Any CPU.Build.0 = Release|Any CPU
		{15BE2387-8E72-4C0B-8A6A-460EF5FA4539}.Release|ARM.ActiveCfg = Release|Any CPU
		{15BE2387-8E72-4C0B-8A6A-460EF5FA4539}.Release|iPhone.ActiveCfg = Release|Any CPU
		{15BE2387-8E72-4C0B-8A6A-460EF5FA4539}.Release|iPhone.Build.0 = Release|Any CPU
		{15BE2387-8E72-4C0B-8A6A-460EF5FA4539}.Release|iPhoneSimulator.ActiveCfg = Release|Any CPU
		{15BE2387-8E72-4C0B-8A6A-460EF5FA4539}.Release|iPhoneSimulator.Build.0 = Release|Any CPU
		{15BE2387-8E72-4C0B-8A6A-460EF5FA4539}.Release|Mixed Platforms.ActiveCfg = Release|Any CPU
		{15BE2387-8E72-4C0B-8A6A-460EF5FA4539}.Release|Mixed Platforms.Build.0 = Release|Any CPU
		{15BE2387-8E72-4C0B-8A6A-460EF5FA4539}.Release|x86.ActiveCfg = Release|Any CPU
		{1C14B9FC-B0EC-4D38-B14A-5885B6A32196}.Ad-Hoc|Any CPU.ActiveCfg = Ad-Hoc|iPhone
		{1C14B9FC-B0EC-4D38-B14A-5885B6A32196}.Ad-Hoc|ARM.ActiveCfg = Ad-Hoc|iPhone
		{1C14B9FC-B0EC-4D38-B14A-5885B6A32196}.Ad-Hoc|iPhone.ActiveCfg = Ad-Hoc|iPhone
		{1C14B9FC-B0EC-4D38-B14A-5885B6A32196}.Ad-Hoc|iPhone.Build.0 = Ad-Hoc|iPhone
		{1C14B9FC-B0EC-4D38-B14A-5885B6A32196}.Ad-Hoc|iPhoneSimulator.ActiveCfg = Ad-Hoc|iPhone
		{1C14B9FC-B0EC-4D38-B14A-5885B6A32196}.Ad-Hoc|Mixed Platforms.ActiveCfg = Ad-Hoc|iPhoneSimulator
		{1C14B9FC-B0EC-4D38-B14A-5885B6A32196}.Ad-Hoc|Mixed Platforms.Build.0 = Ad-Hoc|iPhoneSimulator
		{1C14B9FC-B0EC-4D38-B14A-5885B6A32196}.Ad-Hoc|x86.ActiveCfg = Ad-Hoc|iPhone
		{1C14B9FC-B0EC-4D38-B14A-5885B6A32196}.AppStore|Any CPU.ActiveCfg = AppStore|iPhone
		{1C14B9FC-B0EC-4D38-B14A-5885B6A32196}.AppStore|ARM.ActiveCfg = AppStore|iPhone
		{1C14B9FC-B0EC-4D38-B14A-5885B6A32196}.AppStore|iPhone.ActiveCfg = AppStore|iPhone
		{1C14B9FC-B0EC-4D38-B14A-5885B6A32196}.AppStore|iPhone.Build.0 = AppStore|iPhone
		{1C14B9FC-B0EC-4D38-B14A-5885B6A32196}.AppStore|iPhoneSimulator.ActiveCfg = AppStore|iPhone
		{1C14B9FC-B0EC-4D38-B14A-5885B6A32196}.AppStore|Mixed Platforms.ActiveCfg = AppStore|iPhoneSimulator
		{1C14B9FC-B0EC-4D38-B14A-5885B6A32196}.AppStore|Mixed Platforms.Build.0 = AppStore|iPhoneSimulator
		{1C14B9FC-B0EC-4D38-B14A-5885B6A32196}.AppStore|x86.ActiveCfg = AppStore|iPhone
		{1C14B9FC-B0EC-4D38-B14A-5885B6A32196}.Debug|Any CPU.ActiveCfg = Debug|iPhoneSimulator
		{1C14B9FC-B0EC-4D38-B14A-5885B6A32196}.Debug|Any CPU.Build.0 = Debug|iPhoneSimulator
		{1C14B9FC-B0EC-4D38-B14A-5885B6A32196}.Debug|ARM.ActiveCfg = Debug|iPhoneSimulator
		{1C14B9FC-B0EC-4D38-B14A-5885B6A32196}.Debug|ARM.Build.0 = Debug|iPhoneSimulator
		{1C14B9FC-B0EC-4D38-B14A-5885B6A32196}.Debug|iPhone.ActiveCfg = Debug|iPhone
		{1C14B9FC-B0EC-4D38-B14A-5885B6A32196}.Debug|iPhone.Build.0 = Debug|iPhone
		{1C14B9FC-B0EC-4D38-B14A-5885B6A32196}.Debug|iPhoneSimulator.ActiveCfg = Debug|iPhoneSimulator
		{1C14B9FC-B0EC-4D38-B14A-5885B6A32196}.Debug|iPhoneSimulator.Build.0 = Debug|iPhoneSimulator
		{1C14B9FC-B0EC-4D38-B14A-5885B6A32196}.Debug|Mixed Platforms.ActiveCfg = Debug|iPhone
		{1C14B9FC-B0EC-4D38-B14A-5885B6A32196}.Debug|Mixed Platforms.Build.0 = Debug|iPhone
		{1C14B9FC-B0EC-4D38-B14A-5885B6A32196}.Debug|x86.ActiveCfg = Debug|iPhoneSimulator
		{1C14B9FC-B0EC-4D38-B14A-5885B6A32196}.Debug|x86.Build.0 = Debug|iPhoneSimulator
		{1C14B9FC-B0EC-4D38-B14A-5885B6A32196}.Release|Any CPU.ActiveCfg = Release|iPhoneSimulator
		{1C14B9FC-B0EC-4D38-B14A-5885B6A32196}.Release|Any CPU.Build.0 = Release|iPhoneSimulator
		{1C14B9FC-B0EC-4D38-B14A-5885B6A32196}.Release|ARM.ActiveCfg = Release|iPhoneSimulator
		{1C14B9FC-B0EC-4D38-B14A-5885B6A32196}.Release|ARM.Build.0 = Release|iPhoneSimulator
		{1C14B9FC-B0EC-4D38-B14A-5885B6A32196}.Release|iPhone.ActiveCfg = Release|iPhone
		{1C14B9FC-B0EC-4D38-B14A-5885B6A32196}.Release|iPhone.Build.0 = Release|iPhone
		{1C14B9FC-B0EC-4D38-B14A-5885B6A32196}.Release|iPhoneSimulator.ActiveCfg = Release|iPhoneSimulator
		{1C14B9FC-B0EC-4D38-B14A-5885B6A32196}.Release|iPhoneSimulator.Build.0 = Release|iPhoneSimulator
		{1C14B9FC-B0EC-4D38-B14A-5885B6A32196}.Release|Mixed Platforms.ActiveCfg = Release|iPhone
		{1C14B9FC-B0EC-4D38-B14A-5885B6A32196}.Release|Mixed Platforms.Build.0 = Release|iPhone
		{1C14B9FC-B0EC-4D38-B14A-5885B6A32196}.Release|x86.ActiveCfg = Release|iPhoneSimulator
		{1C14B9FC-B0EC-4D38-B14A-5885B6A32196}.Release|x86.Build.0 = Release|iPhoneSimulator
		{2335FEC4-6734-40EB-A7F1-6E9182D70604}.Ad-Hoc|Any CPU.ActiveCfg = Ad-Hoc|iPhone
		{2335FEC4-6734-40EB-A7F1-6E9182D70604}.Ad-Hoc|ARM.ActiveCfg = Ad-Hoc|iPhone
		{2335FEC4-6734-40EB-A7F1-6E9182D70604}.Ad-Hoc|iPhone.ActiveCfg = Ad-Hoc|iPhone
		{2335FEC4-6734-40EB-A7F1-6E9182D70604}.Ad-Hoc|iPhone.Build.0 = Ad-Hoc|iPhone
		{2335FEC4-6734-40EB-A7F1-6E9182D70604}.Ad-Hoc|iPhoneSimulator.ActiveCfg = Ad-Hoc|iPhoneSimulator
		{2335FEC4-6734-40EB-A7F1-6E9182D70604}.Ad-Hoc|iPhoneSimulator.Build.0 = Ad-Hoc|iPhoneSimulator
		{2335FEC4-6734-40EB-A7F1-6E9182D70604}.Ad-Hoc|Mixed Platforms.ActiveCfg = Ad-Hoc|iPhone
		{2335FEC4-6734-40EB-A7F1-6E9182D70604}.Ad-Hoc|Mixed Platforms.Build.0 = Ad-Hoc|iPhone
		{2335FEC4-6734-40EB-A7F1-6E9182D70604}.Ad-Hoc|x86.ActiveCfg = Ad-Hoc|iPhone
		{2335FEC4-6734-40EB-A7F1-6E9182D70604}.AppStore|Any CPU.ActiveCfg = AppStore|iPhone
		{2335FEC4-6734-40EB-A7F1-6E9182D70604}.AppStore|ARM.ActiveCfg = AppStore|iPhone
		{2335FEC4-6734-40EB-A7F1-6E9182D70604}.AppStore|iPhone.ActiveCfg = AppStore|iPhone
		{2335FEC4-6734-40EB-A7F1-6E9182D70604}.AppStore|iPhone.Build.0 = AppStore|iPhone
		{2335FEC4-6734-40EB-A7F1-6E9182D70604}.AppStore|iPhoneSimulator.ActiveCfg = AppStore|iPhoneSimulator
		{2335FEC4-6734-40EB-A7F1-6E9182D70604}.AppStore|iPhoneSimulator.Build.0 = AppStore|iPhoneSimulator
		{2335FEC4-6734-40EB-A7F1-6E9182D70604}.AppStore|Mixed Platforms.ActiveCfg = AppStore|iPhone
		{2335FEC4-6734-40EB-A7F1-6E9182D70604}.AppStore|Mixed Platforms.Build.0 = AppStore|iPhone
		{2335FEC4-6734-40EB-A7F1-6E9182D70604}.AppStore|x86.ActiveCfg = AppStore|iPhone
		{2335FEC4-6734-40EB-A7F1-6E9182D70604}.Debug|Any CPU.ActiveCfg = Debug|iPhone
		{2335FEC4-6734-40EB-A7F1-6E9182D70604}.Debug|ARM.ActiveCfg = Debug|iPhone
		{2335FEC4-6734-40EB-A7F1-6E9182D70604}.Debug|iPhone.ActiveCfg = Debug|iPhone
		{2335FEC4-6734-40EB-A7F1-6E9182D70604}.Debug|iPhone.Build.0 = Debug|iPhone
		{2335FEC4-6734-40EB-A7F1-6E9182D70604}.Debug|iPhoneSimulator.ActiveCfg = Debug|iPhoneSimulator
		{2335FEC4-6734-40EB-A7F1-6E9182D70604}.Debug|iPhoneSimulator.Build.0 = Debug|iPhoneSimulator
		{2335FEC4-6734-40EB-A7F1-6E9182D70604}.Debug|Mixed Platforms.ActiveCfg = Debug|iPhone
		{2335FEC4-6734-40EB-A7F1-6E9182D70604}.Debug|Mixed Platforms.Build.0 = Debug|iPhone
		{2335FEC4-6734-40EB-A7F1-6E9182D70604}.Debug|x86.ActiveCfg = Debug|iPhone
		{2335FEC4-6734-40EB-A7F1-6E9182D70604}.Release|Any CPU.ActiveCfg = Release|iPhone
		{2335FEC4-6734-40EB-A7F1-6E9182D70604}.Release|ARM.ActiveCfg = Release|iPhone
		{2335FEC4-6734-40EB-A7F1-6E9182D70604}.Release|iPhone.ActiveCfg = Release|iPhone
		{2335FEC4-6734-40EB-A7F1-6E9182D70604}.Release|iPhone.Build.0 = Release|iPhone
		{2335FEC4-6734-40EB-A7F1-6E9182D70604}.Release|iPhoneSimulator.ActiveCfg = Release|iPhoneSimulator
		{2335FEC4-6734-40EB-A7F1-6E9182D70604}.Release|iPhoneSimulator.Build.0 = Release|iPhoneSimulator
		{2335FEC4-6734-40EB-A7F1-6E9182D70604}.Release|Mixed Platforms.ActiveCfg = Release|iPhone
		{2335FEC4-6734-40EB-A7F1-6E9182D70604}.Release|Mixed Platforms.Build.0 = Release|iPhone
		{2335FEC4-6734-40EB-A7F1-6E9182D70604}.Release|x86.ActiveCfg = Release|iPhone
		{303FCDB9-A74D-4C14-B7C7-348955BABA7E}.Ad-Hoc|Any CPU.ActiveCfg = Release|Any CPU
		{303FCDB9-A74D-4C14-B7C7-348955BABA7E}.Ad-Hoc|Any CPU.Build.0 = Release|Any CPU
		{303FCDB9-A74D-4C14-B7C7-348955BABA7E}.Ad-Hoc|Any CPU.Deploy.0 = Release|Any CPU
		{303FCDB9-A74D-4C14-B7C7-348955BABA7E}.Ad-Hoc|ARM.ActiveCfg = Release|Any CPU
		{303FCDB9-A74D-4C14-B7C7-348955BABA7E}.Ad-Hoc|iPhone.ActiveCfg = Release|Any CPU
		{303FCDB9-A74D-4C14-B7C7-348955BABA7E}.Ad-Hoc|iPhoneSimulator.ActiveCfg = Release|Any CPU
		{303FCDB9-A74D-4C14-B7C7-348955BABA7E}.Ad-Hoc|Mixed Platforms.ActiveCfg = Release|Any CPU
		{303FCDB9-A74D-4C14-B7C7-348955BABA7E}.Ad-Hoc|Mixed Platforms.Build.0 = Release|Any CPU
		{303FCDB9-A74D-4C14-B7C7-348955BABA7E}.Ad-Hoc|Mixed Platforms.Deploy.0 = Release|Any CPU
		{303FCDB9-A74D-4C14-B7C7-348955BABA7E}.Ad-Hoc|x86.ActiveCfg = Release|Any CPU
		{303FCDB9-A74D-4C14-B7C7-348955BABA7E}.AppStore|Any CPU.ActiveCfg = Release|Any CPU
		{303FCDB9-A74D-4C14-B7C7-348955BABA7E}.AppStore|Any CPU.Build.0 = Release|Any CPU
		{303FCDB9-A74D-4C14-B7C7-348955BABA7E}.AppStore|Any CPU.Deploy.0 = Release|Any CPU
		{303FCDB9-A74D-4C14-B7C7-348955BABA7E}.AppStore|ARM.ActiveCfg = Release|Any CPU
		{303FCDB9-A74D-4C14-B7C7-348955BABA7E}.AppStore|iPhone.ActiveCfg = Release|Any CPU
		{303FCDB9-A74D-4C14-B7C7-348955BABA7E}.AppStore|iPhoneSimulator.ActiveCfg = Release|Any CPU
		{303FCDB9-A74D-4C14-B7C7-348955BABA7E}.AppStore|Mixed Platforms.ActiveCfg = Release|Any CPU
		{303FCDB9-A74D-4C14-B7C7-348955BABA7E}.AppStore|Mixed Platforms.Build.0 = Release|Any CPU
		{303FCDB9-A74D-4C14-B7C7-348955BABA7E}.AppStore|Mixed Platforms.Deploy.0 = Release|Any CPU
		{303FCDB9-A74D-4C14-B7C7-348955BABA7E}.AppStore|x86.ActiveCfg = Release|Any CPU
		{303FCDB9-A74D-4C14-B7C7-348955BABA7E}.Debug|Any CPU.ActiveCfg = Debug|Any CPU
		{303FCDB9-A74D-4C14-B7C7-348955BABA7E}.Debug|Any CPU.Build.0 = Debug|Any CPU
		{303FCDB9-A74D-4C14-B7C7-348955BABA7E}.Debug|Any CPU.Deploy.0 = Debug|Any CPU
		{303FCDB9-A74D-4C14-B7C7-348955BABA7E}.Debug|ARM.ActiveCfg = Debug|Any CPU
		{303FCDB9-A74D-4C14-B7C7-348955BABA7E}.Debug|iPhone.ActiveCfg = Debug|Any CPU
		{303FCDB9-A74D-4C14-B7C7-348955BABA7E}.Debug|iPhoneSimulator.ActiveCfg = Debug|Any CPU
		{303FCDB9-A74D-4C14-B7C7-348955BABA7E}.Debug|Mixed Platforms.ActiveCfg = Debug|Any CPU
		{303FCDB9-A74D-4C14-B7C7-348955BABA7E}.Debug|Mixed Platforms.Build.0 = Debug|Any CPU
		{303FCDB9-A74D-4C14-B7C7-348955BABA7E}.Debug|Mixed Platforms.Deploy.0 = Debug|Any CPU
		{303FCDB9-A74D-4C14-B7C7-348955BABA7E}.Debug|x86.ActiveCfg = Debug|Any CPU
		{303FCDB9-A74D-4C14-B7C7-348955BABA7E}.Release|Any CPU.ActiveCfg = Release|Any CPU
		{303FCDB9-A74D-4C14-B7C7-348955BABA7E}.Release|Any CPU.Build.0 = Release|Any CPU
		{303FCDB9-A74D-4C14-B7C7-348955BABA7E}.Release|Any CPU.Deploy.0 = Release|Any CPU
		{303FCDB9-A74D-4C14-B7C7-348955BABA7E}.Release|ARM.ActiveCfg = Release|Any CPU
		{303FCDB9-A74D-4C14-B7C7-348955BABA7E}.Release|iPhone.ActiveCfg = Release|Any CPU
		{303FCDB9-A74D-4C14-B7C7-348955BABA7E}.Release|iPhoneSimulator.ActiveCfg = Release|Any CPU
		{303FCDB9-A74D-4C14-B7C7-348955BABA7E}.Release|Mixed Platforms.ActiveCfg = Release|Any CPU
		{303FCDB9-A74D-4C14-B7C7-348955BABA7E}.Release|Mixed Platforms.Build.0 = Release|Any CPU
		{303FCDB9-A74D-4C14-B7C7-348955BABA7E}.Release|Mixed Platforms.Deploy.0 = Release|Any CPU
		{303FCDB9-A74D-4C14-B7C7-348955BABA7E}.Release|x86.ActiveCfg = Release|Any CPU
		{3937B59E-F9E2-41E4-9E5C-5F8A63A361AE}.Ad-Hoc|Any CPU.ActiveCfg = Ad-Hoc|iPhone
		{3937B59E-F9E2-41E4-9E5C-5F8A63A361AE}.Ad-Hoc|ARM.ActiveCfg = Ad-Hoc|iPhone
		{3937B59E-F9E2-41E4-9E5C-5F8A63A361AE}.Ad-Hoc|iPhone.ActiveCfg = Ad-Hoc|iPhone
		{3937B59E-F9E2-41E4-9E5C-5F8A63A361AE}.Ad-Hoc|iPhone.Build.0 = Ad-Hoc|iPhone
		{3937B59E-F9E2-41E4-9E5C-5F8A63A361AE}.Ad-Hoc|iPhoneSimulator.ActiveCfg = Ad-Hoc|iPhone
		{3937B59E-F9E2-41E4-9E5C-5F8A63A361AE}.Ad-Hoc|Mixed Platforms.ActiveCfg = Ad-Hoc|iPhoneSimulator
		{3937B59E-F9E2-41E4-9E5C-5F8A63A361AE}.Ad-Hoc|Mixed Platforms.Build.0 = Ad-Hoc|iPhoneSimulator
		{3937B59E-F9E2-41E4-9E5C-5F8A63A361AE}.Ad-Hoc|x86.ActiveCfg = Ad-Hoc|iPhone
		{3937B59E-F9E2-41E4-9E5C-5F8A63A361AE}.AppStore|Any CPU.ActiveCfg = AppStore|iPhone
		{3937B59E-F9E2-41E4-9E5C-5F8A63A361AE}.AppStore|ARM.ActiveCfg = AppStore|iPhone
		{3937B59E-F9E2-41E4-9E5C-5F8A63A361AE}.AppStore|iPhone.ActiveCfg = AppStore|iPhone
		{3937B59E-F9E2-41E4-9E5C-5F8A63A361AE}.AppStore|iPhone.Build.0 = AppStore|iPhone
		{3937B59E-F9E2-41E4-9E5C-5F8A63A361AE}.AppStore|iPhoneSimulator.ActiveCfg = AppStore|iPhone
		{3937B59E-F9E2-41E4-9E5C-5F8A63A361AE}.AppStore|Mixed Platforms.ActiveCfg = AppStore|iPhoneSimulator
		{3937B59E-F9E2-41E4-9E5C-5F8A63A361AE}.AppStore|Mixed Platforms.Build.0 = AppStore|iPhoneSimulator
		{3937B59E-F9E2-41E4-9E5C-5F8A63A361AE}.AppStore|x86.ActiveCfg = AppStore|iPhone
		{3937B59E-F9E2-41E4-9E5C-5F8A63A361AE}.Debug|Any CPU.ActiveCfg = Debug|iPhoneSimulator
		{3937B59E-F9E2-41E4-9E5C-5F8A63A361AE}.Debug|Any CPU.Build.0 = Debug|iPhoneSimulator
		{3937B59E-F9E2-41E4-9E5C-5F8A63A361AE}.Debug|ARM.ActiveCfg = Debug|iPhoneSimulator
		{3937B59E-F9E2-41E4-9E5C-5F8A63A361AE}.Debug|ARM.Build.0 = Debug|iPhoneSimulator
		{3937B59E-F9E2-41E4-9E5C-5F8A63A361AE}.Debug|iPhone.ActiveCfg = Debug|iPhone
		{3937B59E-F9E2-41E4-9E5C-5F8A63A361AE}.Debug|iPhone.Build.0 = Debug|iPhone
		{3937B59E-F9E2-41E4-9E5C-5F8A63A361AE}.Debug|iPhoneSimulator.ActiveCfg = Debug|iPhoneSimulator
		{3937B59E-F9E2-41E4-9E5C-5F8A63A361AE}.Debug|iPhoneSimulator.Build.0 = Debug|iPhoneSimulator
		{3937B59E-F9E2-41E4-9E5C-5F8A63A361AE}.Debug|Mixed Platforms.ActiveCfg = Debug|iPhone
		{3937B59E-F9E2-41E4-9E5C-5F8A63A361AE}.Debug|Mixed Platforms.Build.0 = Debug|iPhone
		{3937B59E-F9E2-41E4-9E5C-5F8A63A361AE}.Debug|x86.ActiveCfg = Debug|iPhoneSimulator
		{3937B59E-F9E2-41E4-9E5C-5F8A63A361AE}.Debug|x86.Build.0 = Debug|iPhoneSimulator
		{3937B59E-F9E2-41E4-9E5C-5F8A63A361AE}.Release|Any CPU.ActiveCfg = Release|iPhoneSimulator
		{3937B59E-F9E2-41E4-9E5C-5F8A63A361AE}.Release|Any CPU.Build.0 = Release|iPhoneSimulator
		{3937B59E-F9E2-41E4-9E5C-5F8A63A361AE}.Release|ARM.ActiveCfg = Release|iPhoneSimulator
		{3937B59E-F9E2-41E4-9E5C-5F8A63A361AE}.Release|ARM.Build.0 = Release|iPhoneSimulator
		{3937B59E-F9E2-41E4-9E5C-5F8A63A361AE}.Release|iPhone.ActiveCfg = Release|iPhone
		{3937B59E-F9E2-41E4-9E5C-5F8A63A361AE}.Release|iPhone.Build.0 = Release|iPhone
		{3937B59E-F9E2-41E4-9E5C-5F8A63A361AE}.Release|iPhoneSimulator.ActiveCfg = Release|iPhoneSimulator
		{3937B59E-F9E2-41E4-9E5C-5F8A63A361AE}.Release|iPhoneSimulator.Build.0 = Release|iPhoneSimulator
		{3937B59E-F9E2-41E4-9E5C-5F8A63A361AE}.Release|Mixed Platforms.ActiveCfg = Release|iPhone
		{3937B59E-F9E2-41E4-9E5C-5F8A63A361AE}.Release|Mixed Platforms.Build.0 = Release|iPhone
		{3937B59E-F9E2-41E4-9E5C-5F8A63A361AE}.Release|x86.ActiveCfg = Release|iPhoneSimulator
		{3937B59E-F9E2-41E4-9E5C-5F8A63A361AE}.Release|x86.Build.0 = Release|iPhoneSimulator
		{440C460F-6ED0-4E0D-B715-C307CE0C4C4B}.Ad-Hoc|Any CPU.ActiveCfg = Release|Any CPU
		{440C460F-6ED0-4E0D-B715-C307CE0C4C4B}.Ad-Hoc|ARM.ActiveCfg = Release|Any CPU
		{440C460F-6ED0-4E0D-B715-C307CE0C4C4B}.Ad-Hoc|iPhone.ActiveCfg = Debug|Any CPU
		{440C460F-6ED0-4E0D-B715-C307CE0C4C4B}.Ad-Hoc|iPhone.Build.0 = Debug|Any CPU
		{440C460F-6ED0-4E0D-B715-C307CE0C4C4B}.Ad-Hoc|iPhoneSimulator.ActiveCfg = Release|Any CPU
		{440C460F-6ED0-4E0D-B715-C307CE0C4C4B}.Ad-Hoc|Mixed Platforms.ActiveCfg = Release|Any CPU
		{440C460F-6ED0-4E0D-B715-C307CE0C4C4B}.Ad-Hoc|Mixed Platforms.Build.0 = Release|Any CPU
		{440C460F-6ED0-4E0D-B715-C307CE0C4C4B}.Ad-Hoc|Mixed Platforms.Deploy.0 = Release|Any CPU
		{440C460F-6ED0-4E0D-B715-C307CE0C4C4B}.Ad-Hoc|x86.ActiveCfg = Release|Any CPU
		{440C460F-6ED0-4E0D-B715-C307CE0C4C4B}.AppStore|Any CPU.ActiveCfg = Release|Any CPU
		{440C460F-6ED0-4E0D-B715-C307CE0C4C4B}.AppStore|ARM.ActiveCfg = Release|Any CPU
		{440C460F-6ED0-4E0D-B715-C307CE0C4C4B}.AppStore|iPhone.ActiveCfg = Debug|Any CPU
		{440C460F-6ED0-4E0D-B715-C307CE0C4C4B}.AppStore|iPhone.Build.0 = Debug|Any CPU
		{440C460F-6ED0-4E0D-B715-C307CE0C4C4B}.AppStore|iPhoneSimulator.ActiveCfg = Release|Any CPU
		{440C460F-6ED0-4E0D-B715-C307CE0C4C4B}.AppStore|Mixed Platforms.ActiveCfg = Release|Any CPU
		{440C460F-6ED0-4E0D-B715-C307CE0C4C4B}.AppStore|Mixed Platforms.Build.0 = Release|Any CPU
		{440C460F-6ED0-4E0D-B715-C307CE0C4C4B}.AppStore|Mixed Platforms.Deploy.0 = Release|Any CPU
		{440C460F-6ED0-4E0D-B715-C307CE0C4C4B}.AppStore|x86.ActiveCfg = Release|Any CPU
		{440C460F-6ED0-4E0D-B715-C307CE0C4C4B}.Debug|Any CPU.ActiveCfg = Debug|Any CPU
		{440C460F-6ED0-4E0D-B715-C307CE0C4C4B}.Debug|Any CPU.Build.0 = Debug|Any CPU
		{440C460F-6ED0-4E0D-B715-C307CE0C4C4B}.Debug|ARM.ActiveCfg = Debug|Any CPU
		{440C460F-6ED0-4E0D-B715-C307CE0C4C4B}.Debug|ARM.Build.0 = Debug|Any CPU
		{440C460F-6ED0-4E0D-B715-C307CE0C4C4B}.Debug|iPhone.ActiveCfg = Debug|Any CPU
		{440C460F-6ED0-4E0D-B715-C307CE0C4C4B}.Debug|iPhone.Build.0 = Debug|Any CPU
		{440C460F-6ED0-4E0D-B715-C307CE0C4C4B}.Debug|iPhoneSimulator.ActiveCfg = Debug|Any CPU
		{440C460F-6ED0-4E0D-B715-C307CE0C4C4B}.Debug|iPhoneSimulator.Build.0 = Debug|Any CPU
		{440C460F-6ED0-4E0D-B715-C307CE0C4C4B}.Debug|Mixed Platforms.ActiveCfg = Debug|Any CPU
		{440C460F-6ED0-4E0D-B715-C307CE0C4C4B}.Debug|Mixed Platforms.Build.0 = Debug|Any CPU
		{440C460F-6ED0-4E0D-B715-C307CE0C4C4B}.Debug|Mixed Platforms.Deploy.0 = Debug|Any CPU
		{440C460F-6ED0-4E0D-B715-C307CE0C4C4B}.Debug|x86.ActiveCfg = Debug|Any CPU
		{440C460F-6ED0-4E0D-B715-C307CE0C4C4B}.Debug|x86.Build.0 = Debug|Any CPU
		{440C460F-6ED0-4E0D-B715-C307CE0C4C4B}.Release|Any CPU.ActiveCfg = Release|Any CPU
		{440C460F-6ED0-4E0D-B715-C307CE0C4C4B}.Release|Any CPU.Build.0 = Release|Any CPU
		{440C460F-6ED0-4E0D-B715-C307CE0C4C4B}.Release|ARM.ActiveCfg = Release|Any CPU
		{440C460F-6ED0-4E0D-B715-C307CE0C4C4B}.Release|ARM.Build.0 = Release|Any CPU
		{440C460F-6ED0-4E0D-B715-C307CE0C4C4B}.Release|iPhone.ActiveCfg = Release|Any CPU
		{440C460F-6ED0-4E0D-B715-C307CE0C4C4B}.Release|iPhone.Build.0 = Release|Any CPU
		{440C460F-6ED0-4E0D-B715-C307CE0C4C4B}.Release|iPhoneSimulator.ActiveCfg = Release|Any CPU
		{440C460F-6ED0-4E0D-B715-C307CE0C4C4B}.Release|iPhoneSimulator.Build.0 = Release|Any CPU
		{440C460F-6ED0-4E0D-B715-C307CE0C4C4B}.Release|Mixed Platforms.ActiveCfg = Release|Any CPU
		{440C460F-6ED0-4E0D-B715-C307CE0C4C4B}.Release|Mixed Platforms.Build.0 = Release|Any CPU
		{440C460F-6ED0-4E0D-B715-C307CE0C4C4B}.Release|Mixed Platforms.Deploy.0 = Release|Any CPU
		{440C460F-6ED0-4E0D-B715-C307CE0C4C4B}.Release|x86.ActiveCfg = Release|Any CPU
		{440C460F-6ED0-4E0D-B715-C307CE0C4C4B}.Release|x86.Build.0 = Release|Any CPU
		{4783294D-8B20-4EBE-90F1-602BF7DD584E}.Ad-Hoc|Any CPU.ActiveCfg = Release|Any CPU
		{4783294D-8B20-4EBE-90F1-602BF7DD584E}.Ad-Hoc|Any CPU.Build.0 = Release|Any CPU
		{4783294D-8B20-4EBE-90F1-602BF7DD584E}.Ad-Hoc|ARM.ActiveCfg = Release|Any CPU
		{4783294D-8B20-4EBE-90F1-602BF7DD584E}.Ad-Hoc|ARM.Build.0 = Release|Any CPU
		{4783294D-8B20-4EBE-90F1-602BF7DD584E}.Ad-Hoc|iPhone.ActiveCfg = Release|Any CPU
		{4783294D-8B20-4EBE-90F1-602BF7DD584E}.Ad-Hoc|iPhone.Build.0 = Release|Any CPU
		{4783294D-8B20-4EBE-90F1-602BF7DD584E}.Ad-Hoc|iPhoneSimulator.ActiveCfg = Release|Any CPU
		{4783294D-8B20-4EBE-90F1-602BF7DD584E}.Ad-Hoc|iPhoneSimulator.Build.0 = Release|Any CPU
		{4783294D-8B20-4EBE-90F1-602BF7DD584E}.Ad-Hoc|Mixed Platforms.ActiveCfg = Release|Any CPU
		{4783294D-8B20-4EBE-90F1-602BF7DD584E}.Ad-Hoc|Mixed Platforms.Build.0 = Release|Any CPU
		{4783294D-8B20-4EBE-90F1-602BF7DD584E}.Ad-Hoc|x86.ActiveCfg = Release|Any CPU
		{4783294D-8B20-4EBE-90F1-602BF7DD584E}.Ad-Hoc|x86.Build.0 = Release|Any CPU
		{4783294D-8B20-4EBE-90F1-602BF7DD584E}.AppStore|Any CPU.ActiveCfg = Release|Any CPU
		{4783294D-8B20-4EBE-90F1-602BF7DD584E}.AppStore|Any CPU.Build.0 = Release|Any CPU
		{4783294D-8B20-4EBE-90F1-602BF7DD584E}.AppStore|ARM.ActiveCfg = Release|Any CPU
		{4783294D-8B20-4EBE-90F1-602BF7DD584E}.AppStore|ARM.Build.0 = Release|Any CPU
		{4783294D-8B20-4EBE-90F1-602BF7DD584E}.AppStore|iPhone.ActiveCfg = Release|Any CPU
		{4783294D-8B20-4EBE-90F1-602BF7DD584E}.AppStore|iPhone.Build.0 = Release|Any CPU
		{4783294D-8B20-4EBE-90F1-602BF7DD584E}.AppStore|iPhoneSimulator.ActiveCfg = Release|Any CPU
		{4783294D-8B20-4EBE-90F1-602BF7DD584E}.AppStore|iPhoneSimulator.Build.0 = Release|Any CPU
		{4783294D-8B20-4EBE-90F1-602BF7DD584E}.AppStore|Mixed Platforms.ActiveCfg = Release|Any CPU
		{4783294D-8B20-4EBE-90F1-602BF7DD584E}.AppStore|Mixed Platforms.Build.0 = Release|Any CPU
		{4783294D-8B20-4EBE-90F1-602BF7DD584E}.AppStore|x86.ActiveCfg = Release|Any CPU
		{4783294D-8B20-4EBE-90F1-602BF7DD584E}.AppStore|x86.Build.0 = Release|Any CPU
		{4783294D-8B20-4EBE-90F1-602BF7DD584E}.Debug|Any CPU.ActiveCfg = Debug|Any CPU
		{4783294D-8B20-4EBE-90F1-602BF7DD584E}.Debug|Any CPU.Build.0 = Debug|Any CPU
		{4783294D-8B20-4EBE-90F1-602BF7DD584E}.Debug|ARM.ActiveCfg = Debug|Any CPU
		{4783294D-8B20-4EBE-90F1-602BF7DD584E}.Debug|ARM.Build.0 = Debug|Any CPU
		{4783294D-8B20-4EBE-90F1-602BF7DD584E}.Debug|iPhone.ActiveCfg = Debug|Any CPU
		{4783294D-8B20-4EBE-90F1-602BF7DD584E}.Debug|iPhone.Build.0 = Debug|Any CPU
		{4783294D-8B20-4EBE-90F1-602BF7DD584E}.Debug|iPhoneSimulator.ActiveCfg = Debug|Any CPU
		{4783294D-8B20-4EBE-90F1-602BF7DD584E}.Debug|iPhoneSimulator.Build.0 = Debug|Any CPU
		{4783294D-8B20-4EBE-90F1-602BF7DD584E}.Debug|Mixed Platforms.ActiveCfg = Debug|Any CPU
		{4783294D-8B20-4EBE-90F1-602BF7DD584E}.Debug|Mixed Platforms.Build.0 = Debug|Any CPU
		{4783294D-8B20-4EBE-90F1-602BF7DD584E}.Debug|x86.ActiveCfg = Debug|Any CPU
		{4783294D-8B20-4EBE-90F1-602BF7DD584E}.Debug|x86.Build.0 = Debug|Any CPU
		{4783294D-8B20-4EBE-90F1-602BF7DD584E}.Release|Any CPU.ActiveCfg = Release|Any CPU
		{4783294D-8B20-4EBE-90F1-602BF7DD584E}.Release|Any CPU.Build.0 = Release|Any CPU
		{4783294D-8B20-4EBE-90F1-602BF7DD584E}.Release|ARM.ActiveCfg = Release|Any CPU
		{4783294D-8B20-4EBE-90F1-602BF7DD584E}.Release|ARM.Build.0 = Release|Any CPU
		{4783294D-8B20-4EBE-90F1-602BF7DD584E}.Release|iPhone.ActiveCfg = Release|Any CPU
		{4783294D-8B20-4EBE-90F1-602BF7DD584E}.Release|iPhone.Build.0 = Release|Any CPU
		{4783294D-8B20-4EBE-90F1-602BF7DD584E}.Release|iPhoneSimulator.ActiveCfg = Release|Any CPU
		{4783294D-8B20-4EBE-90F1-602BF7DD584E}.Release|iPhoneSimulator.Build.0 = Release|Any CPU
		{4783294D-8B20-4EBE-90F1-602BF7DD584E}.Release|Mixed Platforms.ActiveCfg = Release|Any CPU
		{4783294D-8B20-4EBE-90F1-602BF7DD584E}.Release|Mixed Platforms.Build.0 = Release|Any CPU
		{4783294D-8B20-4EBE-90F1-602BF7DD584E}.Release|x86.ActiveCfg = Release|Any CPU
		{4783294D-8B20-4EBE-90F1-602BF7DD584E}.Release|x86.Build.0 = Release|Any CPU
		{4ECEC594-F1BE-4904-937A-8DDF7C7B5479}.Ad-Hoc|Any CPU.ActiveCfg = Ad-Hoc|iPhone
		{4ECEC594-F1BE-4904-937A-8DDF7C7B5479}.Ad-Hoc|ARM.ActiveCfg = Ad-Hoc|iPhone
		{4ECEC594-F1BE-4904-937A-8DDF7C7B5479}.Ad-Hoc|iPhone.ActiveCfg = Ad-Hoc|iPhone
		{4ECEC594-F1BE-4904-937A-8DDF7C7B5479}.Ad-Hoc|iPhone.Build.0 = Ad-Hoc|iPhone
		{4ECEC594-F1BE-4904-937A-8DDF7C7B5479}.Ad-Hoc|iPhoneSimulator.ActiveCfg = Ad-Hoc|iPhone
		{4ECEC594-F1BE-4904-937A-8DDF7C7B5479}.Ad-Hoc|Mixed Platforms.ActiveCfg = Ad-Hoc|iPhoneSimulator
		{4ECEC594-F1BE-4904-937A-8DDF7C7B5479}.Ad-Hoc|Mixed Platforms.Build.0 = Ad-Hoc|iPhoneSimulator
		{4ECEC594-F1BE-4904-937A-8DDF7C7B5479}.Ad-Hoc|x86.ActiveCfg = Ad-Hoc|iPhone
		{4ECEC594-F1BE-4904-937A-8DDF7C7B5479}.AppStore|Any CPU.ActiveCfg = AppStore|iPhone
		{4ECEC594-F1BE-4904-937A-8DDF7C7B5479}.AppStore|ARM.ActiveCfg = AppStore|iPhone
		{4ECEC594-F1BE-4904-937A-8DDF7C7B5479}.AppStore|iPhone.ActiveCfg = AppStore|iPhone
		{4ECEC594-F1BE-4904-937A-8DDF7C7B5479}.AppStore|iPhone.Build.0 = AppStore|iPhone
		{4ECEC594-F1BE-4904-937A-8DDF7C7B5479}.AppStore|iPhoneSimulator.ActiveCfg = AppStore|iPhone
		{4ECEC594-F1BE-4904-937A-8DDF7C7B5479}.AppStore|Mixed Platforms.ActiveCfg = AppStore|iPhoneSimulator
		{4ECEC594-F1BE-4904-937A-8DDF7C7B5479}.AppStore|Mixed Platforms.Build.0 = AppStore|iPhoneSimulator
		{4ECEC594-F1BE-4904-937A-8DDF7C7B5479}.AppStore|x86.ActiveCfg = AppStore|iPhone
		{4ECEC594-F1BE-4904-937A-8DDF7C7B5479}.Debug|Any CPU.ActiveCfg = Debug|iPhoneSimulator
		{4ECEC594-F1BE-4904-937A-8DDF7C7B5479}.Debug|Any CPU.Build.0 = Debug|iPhoneSimulator
		{4ECEC594-F1BE-4904-937A-8DDF7C7B5479}.Debug|ARM.ActiveCfg = Debug|iPhoneSimulator
		{4ECEC594-F1BE-4904-937A-8DDF7C7B5479}.Debug|ARM.Build.0 = Debug|iPhoneSimulator
		{4ECEC594-F1BE-4904-937A-8DDF7C7B5479}.Debug|iPhone.ActiveCfg = Debug|iPhone
		{4ECEC594-F1BE-4904-937A-8DDF7C7B5479}.Debug|iPhone.Build.0 = Debug|iPhone
		{4ECEC594-F1BE-4904-937A-8DDF7C7B5479}.Debug|iPhoneSimulator.ActiveCfg = Debug|iPhoneSimulator
		{4ECEC594-F1BE-4904-937A-8DDF7C7B5479}.Debug|iPhoneSimulator.Build.0 = Debug|iPhoneSimulator
		{4ECEC594-F1BE-4904-937A-8DDF7C7B5479}.Debug|Mixed Platforms.ActiveCfg = Debug|iPhone
		{4ECEC594-F1BE-4904-937A-8DDF7C7B5479}.Debug|Mixed Platforms.Build.0 = Debug|iPhone
		{4ECEC594-F1BE-4904-937A-8DDF7C7B5479}.Debug|x86.ActiveCfg = Debug|iPhoneSimulator
		{4ECEC594-F1BE-4904-937A-8DDF7C7B5479}.Debug|x86.Build.0 = Debug|iPhoneSimulator
		{4ECEC594-F1BE-4904-937A-8DDF7C7B5479}.Release|Any CPU.ActiveCfg = Release|iPhoneSimulator
		{4ECEC594-F1BE-4904-937A-8DDF7C7B5479}.Release|Any CPU.Build.0 = Release|iPhoneSimulator
		{4ECEC594-F1BE-4904-937A-8DDF7C7B5479}.Release|ARM.ActiveCfg = Release|iPhoneSimulator
		{4ECEC594-F1BE-4904-937A-8DDF7C7B5479}.Release|ARM.Build.0 = Release|iPhoneSimulator
		{4ECEC594-F1BE-4904-937A-8DDF7C7B5479}.Release|iPhone.ActiveCfg = Release|iPhone
		{4ECEC594-F1BE-4904-937A-8DDF7C7B5479}.Release|iPhone.Build.0 = Release|iPhone
		{4ECEC594-F1BE-4904-937A-8DDF7C7B5479}.Release|iPhoneSimulator.ActiveCfg = Release|iPhoneSimulator
		{4ECEC594-F1BE-4904-937A-8DDF7C7B5479}.Release|iPhoneSimulator.Build.0 = Release|iPhoneSimulator
		{4ECEC594-F1BE-4904-937A-8DDF7C7B5479}.Release|Mixed Platforms.ActiveCfg = Release|iPhone
		{4ECEC594-F1BE-4904-937A-8DDF7C7B5479}.Release|Mixed Platforms.Build.0 = Release|iPhone
		{4ECEC594-F1BE-4904-937A-8DDF7C7B5479}.Release|x86.ActiveCfg = Release|iPhoneSimulator
		{4ECEC594-F1BE-4904-937A-8DDF7C7B5479}.Release|x86.Build.0 = Release|iPhoneSimulator
		{5F36CD09-68AD-498E-990F-481A3DE346A5}.Ad-Hoc|Any CPU.ActiveCfg = Release|Any CPU
		{5F36CD09-68AD-498E-990F-481A3DE346A5}.Ad-Hoc|Any CPU.Build.0 = Release|Any CPU
		{5F36CD09-68AD-498E-990F-481A3DE346A5}.Ad-Hoc|Any CPU.Deploy.0 = Release|Any CPU
		{5F36CD09-68AD-498E-990F-481A3DE346A5}.Ad-Hoc|ARM.ActiveCfg = Release|Any CPU
		{5F36CD09-68AD-498E-990F-481A3DE346A5}.Ad-Hoc|iPhone.ActiveCfg = Release|Any CPU
		{5F36CD09-68AD-498E-990F-481A3DE346A5}.Ad-Hoc|iPhoneSimulator.ActiveCfg = Release|Any CPU
		{5F36CD09-68AD-498E-990F-481A3DE346A5}.Ad-Hoc|Mixed Platforms.ActiveCfg = Release|Any CPU
		{5F36CD09-68AD-498E-990F-481A3DE346A5}.Ad-Hoc|Mixed Platforms.Build.0 = Release|Any CPU
		{5F36CD09-68AD-498E-990F-481A3DE346A5}.Ad-Hoc|Mixed Platforms.Deploy.0 = Release|Any CPU
		{5F36CD09-68AD-498E-990F-481A3DE346A5}.Ad-Hoc|x86.ActiveCfg = Release|Any CPU
		{5F36CD09-68AD-498E-990F-481A3DE346A5}.AppStore|Any CPU.ActiveCfg = Release|Any CPU
		{5F36CD09-68AD-498E-990F-481A3DE346A5}.AppStore|Any CPU.Build.0 = Release|Any CPU
		{5F36CD09-68AD-498E-990F-481A3DE346A5}.AppStore|Any CPU.Deploy.0 = Release|Any CPU
		{5F36CD09-68AD-498E-990F-481A3DE346A5}.AppStore|ARM.ActiveCfg = Release|Any CPU
		{5F36CD09-68AD-498E-990F-481A3DE346A5}.AppStore|iPhone.ActiveCfg = Release|Any CPU
		{5F36CD09-68AD-498E-990F-481A3DE346A5}.AppStore|iPhoneSimulator.ActiveCfg = Release|Any CPU
		{5F36CD09-68AD-498E-990F-481A3DE346A5}.AppStore|Mixed Platforms.ActiveCfg = Release|Any CPU
		{5F36CD09-68AD-498E-990F-481A3DE346A5}.AppStore|Mixed Platforms.Build.0 = Release|Any CPU
		{5F36CD09-68AD-498E-990F-481A3DE346A5}.AppStore|Mixed Platforms.Deploy.0 = Release|Any CPU
		{5F36CD09-68AD-498E-990F-481A3DE346A5}.AppStore|x86.ActiveCfg = Release|Any CPU
		{5F36CD09-68AD-498E-990F-481A3DE346A5}.Debug|Any CPU.ActiveCfg = Debug|Any CPU
		{5F36CD09-68AD-498E-990F-481A3DE346A5}.Debug|Any CPU.Build.0 = Debug|Any CPU
		{5F36CD09-68AD-498E-990F-481A3DE346A5}.Debug|Any CPU.Deploy.0 = Debug|Any CPU
		{5F36CD09-68AD-498E-990F-481A3DE346A5}.Debug|ARM.ActiveCfg = Debug|Any CPU
		{5F36CD09-68AD-498E-990F-481A3DE346A5}.Debug|iPhone.ActiveCfg = Debug|Any CPU
		{5F36CD09-68AD-498E-990F-481A3DE346A5}.Debug|iPhoneSimulator.ActiveCfg = Debug|Any CPU
		{5F36CD09-68AD-498E-990F-481A3DE346A5}.Debug|Mixed Platforms.ActiveCfg = Debug|Any CPU
		{5F36CD09-68AD-498E-990F-481A3DE346A5}.Debug|Mixed Platforms.Build.0 = Debug|Any CPU
		{5F36CD09-68AD-498E-990F-481A3DE346A5}.Debug|Mixed Platforms.Deploy.0 = Debug|Any CPU
		{5F36CD09-68AD-498E-990F-481A3DE346A5}.Debug|x86.ActiveCfg = Debug|Any CPU
		{5F36CD09-68AD-498E-990F-481A3DE346A5}.Release|Any CPU.ActiveCfg = Release|Any CPU
		{5F36CD09-68AD-498E-990F-481A3DE346A5}.Release|Any CPU.Build.0 = Release|Any CPU
		{5F36CD09-68AD-498E-990F-481A3DE346A5}.Release|Any CPU.Deploy.0 = Release|Any CPU
		{5F36CD09-68AD-498E-990F-481A3DE346A5}.Release|ARM.ActiveCfg = Release|Any CPU
		{5F36CD09-68AD-498E-990F-481A3DE346A5}.Release|iPhone.ActiveCfg = Release|Any CPU
		{5F36CD09-68AD-498E-990F-481A3DE346A5}.Release|iPhoneSimulator.ActiveCfg = Release|Any CPU
		{5F36CD09-68AD-498E-990F-481A3DE346A5}.Release|Mixed Platforms.ActiveCfg = Release|Any CPU
		{5F36CD09-68AD-498E-990F-481A3DE346A5}.Release|Mixed Platforms.Build.0 = Release|Any CPU
		{5F36CD09-68AD-498E-990F-481A3DE346A5}.Release|Mixed Platforms.Deploy.0 = Release|Any CPU
		{5F36CD09-68AD-498E-990F-481A3DE346A5}.Release|x86.ActiveCfg = Release|Any CPU
		{6CCC688D-8987-4831-B208-649F5ED561F0}.Ad-Hoc|Any CPU.ActiveCfg = Ad-Hoc|iPhone
		{6CCC688D-8987-4831-B208-649F5ED561F0}.Ad-Hoc|ARM.ActiveCfg = Ad-Hoc|iPhone
		{6CCC688D-8987-4831-B208-649F5ED561F0}.Ad-Hoc|iPhone.ActiveCfg = Ad-Hoc|iPhone
		{6CCC688D-8987-4831-B208-649F5ED561F0}.Ad-Hoc|iPhone.Build.0 = Ad-Hoc|iPhone
		{6CCC688D-8987-4831-B208-649F5ED561F0}.Ad-Hoc|iPhoneSimulator.ActiveCfg = Ad-Hoc|iPhone
		{6CCC688D-8987-4831-B208-649F5ED561F0}.Ad-Hoc|Mixed Platforms.ActiveCfg = Ad-Hoc|iPhoneSimulator
		{6CCC688D-8987-4831-B208-649F5ED561F0}.Ad-Hoc|Mixed Platforms.Build.0 = Ad-Hoc|iPhoneSimulator
		{6CCC688D-8987-4831-B208-649F5ED561F0}.Ad-Hoc|x86.ActiveCfg = Ad-Hoc|iPhone
		{6CCC688D-8987-4831-B208-649F5ED561F0}.AppStore|Any CPU.ActiveCfg = AppStore|iPhone
		{6CCC688D-8987-4831-B208-649F5ED561F0}.AppStore|ARM.ActiveCfg = AppStore|iPhone
		{6CCC688D-8987-4831-B208-649F5ED561F0}.AppStore|iPhone.ActiveCfg = AppStore|iPhone
		{6CCC688D-8987-4831-B208-649F5ED561F0}.AppStore|iPhone.Build.0 = AppStore|iPhone
		{6CCC688D-8987-4831-B208-649F5ED561F0}.AppStore|iPhoneSimulator.ActiveCfg = AppStore|iPhone
		{6CCC688D-8987-4831-B208-649F5ED561F0}.AppStore|Mixed Platforms.ActiveCfg = AppStore|iPhoneSimulator
		{6CCC688D-8987-4831-B208-649F5ED561F0}.AppStore|Mixed Platforms.Build.0 = AppStore|iPhoneSimulator
		{6CCC688D-8987-4831-B208-649F5ED561F0}.AppStore|x86.ActiveCfg = AppStore|iPhone
		{6CCC688D-8987-4831-B208-649F5ED561F0}.Debug|Any CPU.ActiveCfg = Debug|iPhoneSimulator
		{6CCC688D-8987-4831-B208-649F5ED561F0}.Debug|Any CPU.Build.0 = Debug|iPhoneSimulator
		{6CCC688D-8987-4831-B208-649F5ED561F0}.Debug|ARM.ActiveCfg = Debug|iPhoneSimulator
		{6CCC688D-8987-4831-B208-649F5ED561F0}.Debug|ARM.Build.0 = Debug|iPhoneSimulator
		{6CCC688D-8987-4831-B208-649F5ED561F0}.Debug|iPhone.ActiveCfg = Debug|iPhone
		{6CCC688D-8987-4831-B208-649F5ED561F0}.Debug|iPhone.Build.0 = Debug|iPhone
		{6CCC688D-8987-4831-B208-649F5ED561F0}.Debug|iPhoneSimulator.ActiveCfg = Debug|iPhoneSimulator
		{6CCC688D-8987-4831-B208-649F5ED561F0}.Debug|iPhoneSimulator.Build.0 = Debug|iPhoneSimulator
		{6CCC688D-8987-4831-B208-649F5ED561F0}.Debug|Mixed Platforms.ActiveCfg = Debug|iPhone
		{6CCC688D-8987-4831-B208-649F5ED561F0}.Debug|Mixed Platforms.Build.0 = Debug|iPhone
		{6CCC688D-8987-4831-B208-649F5ED561F0}.Debug|x86.ActiveCfg = Debug|iPhoneSimulator
		{6CCC688D-8987-4831-B208-649F5ED561F0}.Debug|x86.Build.0 = Debug|iPhoneSimulator
		{6CCC688D-8987-4831-B208-649F5ED561F0}.Release|Any CPU.ActiveCfg = Release|iPhoneSimulator
		{6CCC688D-8987-4831-B208-649F5ED561F0}.Release|Any CPU.Build.0 = Release|iPhoneSimulator
		{6CCC688D-8987-4831-B208-649F5ED561F0}.Release|ARM.ActiveCfg = Release|iPhoneSimulator
		{6CCC688D-8987-4831-B208-649F5ED561F0}.Release|ARM.Build.0 = Release|iPhoneSimulator
		{6CCC688D-8987-4831-B208-649F5ED561F0}.Release|iPhone.ActiveCfg = Release|iPhone
		{6CCC688D-8987-4831-B208-649F5ED561F0}.Release|iPhone.Build.0 = Release|iPhone
		{6CCC688D-8987-4831-B208-649F5ED561F0}.Release|iPhoneSimulator.ActiveCfg = Release|iPhoneSimulator
		{6CCC688D-8987-4831-B208-649F5ED561F0}.Release|iPhoneSimulator.Build.0 = Release|iPhoneSimulator
		{6CCC688D-8987-4831-B208-649F5ED561F0}.Release|Mixed Platforms.ActiveCfg = Release|iPhone
		{6CCC688D-8987-4831-B208-649F5ED561F0}.Release|Mixed Platforms.Build.0 = Release|iPhone
		{6CCC688D-8987-4831-B208-649F5ED561F0}.Release|x86.ActiveCfg = Release|iPhoneSimulator
		{6CCC688D-8987-4831-B208-649F5ED561F0}.Release|x86.Build.0 = Release|iPhoneSimulator
		{87580927-9F8E-42AE-BDFE-35F95ABF17D8}.Ad-Hoc|Any CPU.ActiveCfg = Release|Any CPU
		{87580927-9F8E-42AE-BDFE-35F95ABF17D8}.Ad-Hoc|ARM.ActiveCfg = Release|Any CPU
		{87580927-9F8E-42AE-BDFE-35F95ABF17D8}.Ad-Hoc|iPhone.ActiveCfg = Debug|Any CPU
		{87580927-9F8E-42AE-BDFE-35F95ABF17D8}.Ad-Hoc|iPhone.Build.0 = Debug|Any CPU
		{87580927-9F8E-42AE-BDFE-35F95ABF17D8}.Ad-Hoc|iPhoneSimulator.ActiveCfg = Release|Any CPU
		{87580927-9F8E-42AE-BDFE-35F95ABF17D8}.Ad-Hoc|Mixed Platforms.ActiveCfg = Release|Any CPU
		{87580927-9F8E-42AE-BDFE-35F95ABF17D8}.Ad-Hoc|x86.ActiveCfg = Release|Any CPU
		{87580927-9F8E-42AE-BDFE-35F95ABF17D8}.AppStore|Any CPU.ActiveCfg = Release|Any CPU
		{87580927-9F8E-42AE-BDFE-35F95ABF17D8}.AppStore|ARM.ActiveCfg = Release|Any CPU
		{87580927-9F8E-42AE-BDFE-35F95ABF17D8}.AppStore|iPhone.ActiveCfg = Debug|Any CPU
		{87580927-9F8E-42AE-BDFE-35F95ABF17D8}.AppStore|iPhone.Build.0 = Debug|Any CPU
		{87580927-9F8E-42AE-BDFE-35F95ABF17D8}.AppStore|iPhoneSimulator.ActiveCfg = Release|Any CPU
		{87580927-9F8E-42AE-BDFE-35F95ABF17D8}.AppStore|Mixed Platforms.ActiveCfg = Release|Any CPU
		{87580927-9F8E-42AE-BDFE-35F95ABF17D8}.AppStore|x86.ActiveCfg = Release|Any CPU
		{87580927-9F8E-42AE-BDFE-35F95ABF17D8}.Debug|Any CPU.ActiveCfg = Debug|Any CPU
		{87580927-9F8E-42AE-BDFE-35F95ABF17D8}.Debug|Any CPU.Build.0 = Debug|Any CPU
		{87580927-9F8E-42AE-BDFE-35F95ABF17D8}.Debug|ARM.ActiveCfg = Debug|Any CPU
		{87580927-9F8E-42AE-BDFE-35F95ABF17D8}.Debug|iPhone.ActiveCfg = Debug|Any CPU
		{87580927-9F8E-42AE-BDFE-35F95ABF17D8}.Debug|iPhone.Build.0 = Debug|Any CPU
		{87580927-9F8E-42AE-BDFE-35F95ABF17D8}.Debug|iPhoneSimulator.ActiveCfg = Debug|Any CPU
		{87580927-9F8E-42AE-BDFE-35F95ABF17D8}.Debug|iPhoneSimulator.Build.0 = Debug|Any CPU
		{87580927-9F8E-42AE-BDFE-35F95ABF17D8}.Debug|Mixed Platforms.ActiveCfg = Debug|Any CPU
		{87580927-9F8E-42AE-BDFE-35F95ABF17D8}.Debug|x86.ActiveCfg = Debug|Any CPU
		{87580927-9F8E-42AE-BDFE-35F95ABF17D8}.Release|Any CPU.ActiveCfg = Release|Any CPU
		{87580927-9F8E-42AE-BDFE-35F95ABF17D8}.Release|Any CPU.Build.0 = Release|Any CPU
		{87580927-9F8E-42AE-BDFE-35F95ABF17D8}.Release|ARM.ActiveCfg = Release|Any CPU
		{87580927-9F8E-42AE-BDFE-35F95ABF17D8}.Release|iPhone.ActiveCfg = Release|Any CPU
		{87580927-9F8E-42AE-BDFE-35F95ABF17D8}.Release|iPhone.Build.0 = Release|Any CPU
		{87580927-9F8E-42AE-BDFE-35F95ABF17D8}.Release|iPhoneSimulator.ActiveCfg = Release|Any CPU
		{87580927-9F8E-42AE-BDFE-35F95ABF17D8}.Release|iPhoneSimulator.Build.0 = Release|Any CPU
		{87580927-9F8E-42AE-BDFE-35F95ABF17D8}.Release|Mixed Platforms.ActiveCfg = Release|Any CPU
		{87580927-9F8E-42AE-BDFE-35F95ABF17D8}.Release|x86.ActiveCfg = Release|Any CPU
		{90E6A56F-0922-427D-B9DB-C6D1698972B6}.Ad-Hoc|Any CPU.ActiveCfg = Release|Any CPU
		{90E6A56F-0922-427D-B9DB-C6D1698972B6}.Ad-Hoc|Any CPU.Build.0 = Release|Any CPU
		{90E6A56F-0922-427D-B9DB-C6D1698972B6}.Ad-Hoc|Any CPU.Deploy.0 = Release|Any CPU
		{90E6A56F-0922-427D-B9DB-C6D1698972B6}.Ad-Hoc|ARM.ActiveCfg = Release|Any CPU
		{90E6A56F-0922-427D-B9DB-C6D1698972B6}.Ad-Hoc|iPhone.ActiveCfg = Release|Any CPU
		{90E6A56F-0922-427D-B9DB-C6D1698972B6}.Ad-Hoc|iPhoneSimulator.ActiveCfg = Release|Any CPU
		{90E6A56F-0922-427D-B9DB-C6D1698972B6}.Ad-Hoc|Mixed Platforms.ActiveCfg = Release|Any CPU
		{90E6A56F-0922-427D-B9DB-C6D1698972B6}.Ad-Hoc|Mixed Platforms.Build.0 = Release|Any CPU
		{90E6A56F-0922-427D-B9DB-C6D1698972B6}.Ad-Hoc|Mixed Platforms.Deploy.0 = Release|Any CPU
		{90E6A56F-0922-427D-B9DB-C6D1698972B6}.Ad-Hoc|x86.ActiveCfg = Release|Any CPU
		{90E6A56F-0922-427D-B9DB-C6D1698972B6}.AppStore|Any CPU.ActiveCfg = Release|Any CPU
		{90E6A56F-0922-427D-B9DB-C6D1698972B6}.AppStore|Any CPU.Build.0 = Release|Any CPU
		{90E6A56F-0922-427D-B9DB-C6D1698972B6}.AppStore|Any CPU.Deploy.0 = Release|Any CPU
		{90E6A56F-0922-427D-B9DB-C6D1698972B6}.AppStore|ARM.ActiveCfg = Release|Any CPU
		{90E6A56F-0922-427D-B9DB-C6D1698972B6}.AppStore|iPhone.ActiveCfg = Release|Any CPU
		{90E6A56F-0922-427D-B9DB-C6D1698972B6}.AppStore|iPhoneSimulator.ActiveCfg = Release|Any CPU
		{90E6A56F-0922-427D-B9DB-C6D1698972B6}.AppStore|Mixed Platforms.ActiveCfg = Release|Any CPU
		{90E6A56F-0922-427D-B9DB-C6D1698972B6}.AppStore|Mixed Platforms.Build.0 = Release|Any CPU
		{90E6A56F-0922-427D-B9DB-C6D1698972B6}.AppStore|Mixed Platforms.Deploy.0 = Release|Any CPU
		{90E6A56F-0922-427D-B9DB-C6D1698972B6}.AppStore|x86.ActiveCfg = Release|Any CPU
		{90E6A56F-0922-427D-B9DB-C6D1698972B6}.Debug|Any CPU.ActiveCfg = Debug|Any CPU
		{90E6A56F-0922-427D-B9DB-C6D1698972B6}.Debug|Any CPU.Build.0 = Debug|Any CPU
		{90E6A56F-0922-427D-B9DB-C6D1698972B6}.Debug|Any CPU.Deploy.0 = Debug|Any CPU
		{90E6A56F-0922-427D-B9DB-C6D1698972B6}.Debug|ARM.ActiveCfg = Debug|Any CPU
		{90E6A56F-0922-427D-B9DB-C6D1698972B6}.Debug|iPhone.ActiveCfg = Debug|Any CPU
		{90E6A56F-0922-427D-B9DB-C6D1698972B6}.Debug|iPhoneSimulator.ActiveCfg = Debug|Any CPU
		{90E6A56F-0922-427D-B9DB-C6D1698972B6}.Debug|Mixed Platforms.ActiveCfg = Debug|Any CPU
		{90E6A56F-0922-427D-B9DB-C6D1698972B6}.Debug|Mixed Platforms.Build.0 = Debug|Any CPU
		{90E6A56F-0922-427D-B9DB-C6D1698972B6}.Debug|Mixed Platforms.Deploy.0 = Debug|Any CPU
		{90E6A56F-0922-427D-B9DB-C6D1698972B6}.Debug|x86.ActiveCfg = Debug|Any CPU
		{90E6A56F-0922-427D-B9DB-C6D1698972B6}.Release|Any CPU.ActiveCfg = Release|Any CPU
		{90E6A56F-0922-427D-B9DB-C6D1698972B6}.Release|Any CPU.Build.0 = Release|Any CPU
		{90E6A56F-0922-427D-B9DB-C6D1698972B6}.Release|Any CPU.Deploy.0 = Release|Any CPU
		{90E6A56F-0922-427D-B9DB-C6D1698972B6}.Release|ARM.ActiveCfg = Release|Any CPU
		{90E6A56F-0922-427D-B9DB-C6D1698972B6}.Release|iPhone.ActiveCfg = Release|Any CPU
		{90E6A56F-0922-427D-B9DB-C6D1698972B6}.Release|iPhoneSimulator.ActiveCfg = Release|Any CPU
		{90E6A56F-0922-427D-B9DB-C6D1698972B6}.Release|Mixed Platforms.ActiveCfg = Release|Any CPU
		{90E6A56F-0922-427D-B9DB-C6D1698972B6}.Release|Mixed Platforms.Build.0 = Release|Any CPU
		{90E6A56F-0922-427D-B9DB-C6D1698972B6}.Release|Mixed Platforms.Deploy.0 = Release|Any CPU
		{90E6A56F-0922-427D-B9DB-C6D1698972B6}.Release|x86.ActiveCfg = Release|Any CPU
		{9E169395-1350-4819-BB35-34EAC3287096}.Ad-Hoc|Any CPU.ActiveCfg = Ad-Hoc|iPhone
		{9E169395-1350-4819-BB35-34EAC3287096}.Ad-Hoc|ARM.ActiveCfg = Ad-Hoc|iPhone
		{9E169395-1350-4819-BB35-34EAC3287096}.Ad-Hoc|iPhone.ActiveCfg = Ad-Hoc|iPhone
		{9E169395-1350-4819-BB35-34EAC3287096}.Ad-Hoc|iPhone.Build.0 = Ad-Hoc|iPhone
		{9E169395-1350-4819-BB35-34EAC3287096}.Ad-Hoc|iPhoneSimulator.ActiveCfg = Ad-Hoc|iPhoneSimulator
		{9E169395-1350-4819-BB35-34EAC3287096}.Ad-Hoc|iPhoneSimulator.Build.0 = Ad-Hoc|iPhoneSimulator
		{9E169395-1350-4819-BB35-34EAC3287096}.Ad-Hoc|Mixed Platforms.ActiveCfg = Ad-Hoc|iPhone
		{9E169395-1350-4819-BB35-34EAC3287096}.Ad-Hoc|Mixed Platforms.Build.0 = Ad-Hoc|iPhone
		{9E169395-1350-4819-BB35-34EAC3287096}.Ad-Hoc|x86.ActiveCfg = Ad-Hoc|iPhone
		{9E169395-1350-4819-BB35-34EAC3287096}.AppStore|Any CPU.ActiveCfg = AppStore|iPhone
		{9E169395-1350-4819-BB35-34EAC3287096}.AppStore|ARM.ActiveCfg = AppStore|iPhone
		{9E169395-1350-4819-BB35-34EAC3287096}.AppStore|iPhone.ActiveCfg = AppStore|iPhone
		{9E169395-1350-4819-BB35-34EAC3287096}.AppStore|iPhone.Build.0 = AppStore|iPhone
		{9E169395-1350-4819-BB35-34EAC3287096}.AppStore|iPhoneSimulator.ActiveCfg = AppStore|iPhoneSimulator
		{9E169395-1350-4819-BB35-34EAC3287096}.AppStore|iPhoneSimulator.Build.0 = AppStore|iPhoneSimulator
		{9E169395-1350-4819-BB35-34EAC3287096}.AppStore|Mixed Platforms.ActiveCfg = AppStore|iPhone
		{9E169395-1350-4819-BB35-34EAC3287096}.AppStore|Mixed Platforms.Build.0 = AppStore|iPhone
		{9E169395-1350-4819-BB35-34EAC3287096}.AppStore|x86.ActiveCfg = AppStore|iPhone
		{9E169395-1350-4819-BB35-34EAC3287096}.Debug|Any CPU.ActiveCfg = Debug|iPhone
		{9E169395-1350-4819-BB35-34EAC3287096}.Debug|ARM.ActiveCfg = Debug|iPhone
		{9E169395-1350-4819-BB35-34EAC3287096}.Debug|iPhone.ActiveCfg = Debug|iPhone
		{9E169395-1350-4819-BB35-34EAC3287096}.Debug|iPhone.Build.0 = Debug|iPhone
		{9E169395-1350-4819-BB35-34EAC3287096}.Debug|iPhoneSimulator.ActiveCfg = Debug|iPhoneSimulator
		{9E169395-1350-4819-BB35-34EAC3287096}.Debug|iPhoneSimulator.Build.0 = Debug|iPhoneSimulator
		{9E169395-1350-4819-BB35-34EAC3287096}.Debug|Mixed Platforms.ActiveCfg = Debug|iPhone
		{9E169395-1350-4819-BB35-34EAC3287096}.Debug|Mixed Platforms.Build.0 = Debug|iPhone
		{9E169395-1350-4819-BB35-34EAC3287096}.Debug|x86.ActiveCfg = Debug|iPhone
		{9E169395-1350-4819-BB35-34EAC3287096}.Release|Any CPU.ActiveCfg = Release|iPhone
		{9E169395-1350-4819-BB35-34EAC3287096}.Release|ARM.ActiveCfg = Release|iPhone
		{9E169395-1350-4819-BB35-34EAC3287096}.Release|iPhone.ActiveCfg = Release|iPhone
		{9E169395-1350-4819-BB35-34EAC3287096}.Release|iPhone.Build.0 = Release|iPhone
		{9E169395-1350-4819-BB35-34EAC3287096}.Release|iPhoneSimulator.ActiveCfg = Release|iPhoneSimulator
		{9E169395-1350-4819-BB35-34EAC3287096}.Release|iPhoneSimulator.Build.0 = Release|iPhoneSimulator
		{9E169395-1350-4819-BB35-34EAC3287096}.Release|Mixed Platforms.ActiveCfg = Release|iPhone
		{9E169395-1350-4819-BB35-34EAC3287096}.Release|Mixed Platforms.Build.0 = Release|iPhone
		{9E169395-1350-4819-BB35-34EAC3287096}.Release|x86.ActiveCfg = Release|iPhone
		{A89DB3FC-EB88-4CDB-830A-93352CB2F9FF}.Ad-Hoc|Any CPU.ActiveCfg = Release|Any CPU
		{A89DB3FC-EB88-4CDB-830A-93352CB2F9FF}.Ad-Hoc|ARM.ActiveCfg = Release|Any CPU
		{A89DB3FC-EB88-4CDB-830A-93352CB2F9FF}.Ad-Hoc|iPhone.ActiveCfg = Debug|Any CPU
		{A89DB3FC-EB88-4CDB-830A-93352CB2F9FF}.Ad-Hoc|iPhone.Build.0 = Debug|Any CPU
		{A89DB3FC-EB88-4CDB-830A-93352CB2F9FF}.Ad-Hoc|iPhoneSimulator.ActiveCfg = Release|Any CPU
		{A89DB3FC-EB88-4CDB-830A-93352CB2F9FF}.Ad-Hoc|Mixed Platforms.ActiveCfg = Release|Any CPU
		{A89DB3FC-EB88-4CDB-830A-93352CB2F9FF}.Ad-Hoc|Mixed Platforms.Build.0 = Release|Any CPU
		{A89DB3FC-EB88-4CDB-830A-93352CB2F9FF}.Ad-Hoc|Mixed Platforms.Deploy.0 = Release|Any CPU
		{A89DB3FC-EB88-4CDB-830A-93352CB2F9FF}.Ad-Hoc|x86.ActiveCfg = Release|Any CPU
		{A89DB3FC-EB88-4CDB-830A-93352CB2F9FF}.AppStore|Any CPU.ActiveCfg = Release|Any CPU
		{A89DB3FC-EB88-4CDB-830A-93352CB2F9FF}.AppStore|ARM.ActiveCfg = Release|Any CPU
		{A89DB3FC-EB88-4CDB-830A-93352CB2F9FF}.AppStore|iPhone.ActiveCfg = Debug|Any CPU
		{A89DB3FC-EB88-4CDB-830A-93352CB2F9FF}.AppStore|iPhone.Build.0 = Debug|Any CPU
		{A89DB3FC-EB88-4CDB-830A-93352CB2F9FF}.AppStore|iPhoneSimulator.ActiveCfg = Release|Any CPU
		{A89DB3FC-EB88-4CDB-830A-93352CB2F9FF}.AppStore|Mixed Platforms.ActiveCfg = Release|Any CPU
		{A89DB3FC-EB88-4CDB-830A-93352CB2F9FF}.AppStore|Mixed Platforms.Build.0 = Release|Any CPU
		{A89DB3FC-EB88-4CDB-830A-93352CB2F9FF}.AppStore|Mixed Platforms.Deploy.0 = Release|Any CPU
		{A89DB3FC-EB88-4CDB-830A-93352CB2F9FF}.AppStore|x86.ActiveCfg = Release|Any CPU
		{A89DB3FC-EB88-4CDB-830A-93352CB2F9FF}.Debug|Any CPU.ActiveCfg = Debug|Any CPU
		{A89DB3FC-EB88-4CDB-830A-93352CB2F9FF}.Debug|Any CPU.Build.0 = Debug|Any CPU
		{A89DB3FC-EB88-4CDB-830A-93352CB2F9FF}.Debug|ARM.ActiveCfg = Debug|Any CPU
		{A89DB3FC-EB88-4CDB-830A-93352CB2F9FF}.Debug|ARM.Build.0 = Debug|Any CPU
		{A89DB3FC-EB88-4CDB-830A-93352CB2F9FF}.Debug|iPhone.ActiveCfg = Debug|Any CPU
		{A89DB3FC-EB88-4CDB-830A-93352CB2F9FF}.Debug|iPhone.Build.0 = Debug|Any CPU
		{A89DB3FC-EB88-4CDB-830A-93352CB2F9FF}.Debug|iPhoneSimulator.ActiveCfg = Debug|Any CPU
		{A89DB3FC-EB88-4CDB-830A-93352CB2F9FF}.Debug|iPhoneSimulator.Build.0 = Debug|Any CPU
		{A89DB3FC-EB88-4CDB-830A-93352CB2F9FF}.Debug|Mixed Platforms.ActiveCfg = Debug|Any CPU
		{A89DB3FC-EB88-4CDB-830A-93352CB2F9FF}.Debug|Mixed Platforms.Build.0 = Debug|Any CPU
		{A89DB3FC-EB88-4CDB-830A-93352CB2F9FF}.Debug|Mixed Platforms.Deploy.0 = Debug|Any CPU
		{A89DB3FC-EB88-4CDB-830A-93352CB2F9FF}.Debug|x86.ActiveCfg = Debug|Any CPU
		{A89DB3FC-EB88-4CDB-830A-93352CB2F9FF}.Debug|x86.Build.0 = Debug|Any CPU
		{A89DB3FC-EB88-4CDB-830A-93352CB2F9FF}.Release|Any CPU.ActiveCfg = Release|Any CPU
		{A89DB3FC-EB88-4CDB-830A-93352CB2F9FF}.Release|Any CPU.Build.0 = Release|Any CPU
		{A89DB3FC-EB88-4CDB-830A-93352CB2F9FF}.Release|ARM.ActiveCfg = Release|Any CPU
		{A89DB3FC-EB88-4CDB-830A-93352CB2F9FF}.Release|ARM.Build.0 = Release|Any CPU
		{A89DB3FC-EB88-4CDB-830A-93352CB2F9FF}.Release|iPhone.ActiveCfg = Release|Any CPU
		{A89DB3FC-EB88-4CDB-830A-93352CB2F9FF}.Release|iPhone.Build.0 = Release|Any CPU
		{A89DB3FC-EB88-4CDB-830A-93352CB2F9FF}.Release|iPhoneSimulator.ActiveCfg = Release|Any CPU
		{A89DB3FC-EB88-4CDB-830A-93352CB2F9FF}.Release|iPhoneSimulator.Build.0 = Release|Any CPU
		{A89DB3FC-EB88-4CDB-830A-93352CB2F9FF}.Release|Mixed Platforms.ActiveCfg = Release|Any CPU
		{A89DB3FC-EB88-4CDB-830A-93352CB2F9FF}.Release|Mixed Platforms.Build.0 = Release|Any CPU
		{A89DB3FC-EB88-4CDB-830A-93352CB2F9FF}.Release|Mixed Platforms.Deploy.0 = Release|Any CPU
		{A89DB3FC-EB88-4CDB-830A-93352CB2F9FF}.Release|x86.ActiveCfg = Release|Any CPU
		{A89DB3FC-EB88-4CDB-830A-93352CB2F9FF}.Release|x86.Build.0 = Release|Any CPU
		{B9A22EAA-D37E-464C-91B7-8927B4ADCD54}.Ad-Hoc|Any CPU.ActiveCfg = Ad-Hoc|iPhone
		{B9A22EAA-D37E-464C-91B7-8927B4ADCD54}.Ad-Hoc|ARM.ActiveCfg = Ad-Hoc|iPhone
		{B9A22EAA-D37E-464C-91B7-8927B4ADCD54}.Ad-Hoc|iPhone.ActiveCfg = Ad-Hoc|iPhone
		{B9A22EAA-D37E-464C-91B7-8927B4ADCD54}.Ad-Hoc|iPhone.Build.0 = Ad-Hoc|iPhone
		{B9A22EAA-D37E-464C-91B7-8927B4ADCD54}.Ad-Hoc|iPhoneSimulator.ActiveCfg = Ad-Hoc|iPhoneSimulator
		{B9A22EAA-D37E-464C-91B7-8927B4ADCD54}.Ad-Hoc|iPhoneSimulator.Build.0 = Ad-Hoc|iPhoneSimulator
		{B9A22EAA-D37E-464C-91B7-8927B4ADCD54}.Ad-Hoc|Mixed Platforms.ActiveCfg = Ad-Hoc|iPhone
		{B9A22EAA-D37E-464C-91B7-8927B4ADCD54}.Ad-Hoc|Mixed Platforms.Build.0 = Ad-Hoc|iPhone
		{B9A22EAA-D37E-464C-91B7-8927B4ADCD54}.Ad-Hoc|x86.ActiveCfg = Ad-Hoc|iPhone
		{B9A22EAA-D37E-464C-91B7-8927B4ADCD54}.AppStore|Any CPU.ActiveCfg = AppStore|iPhone
		{B9A22EAA-D37E-464C-91B7-8927B4ADCD54}.AppStore|ARM.ActiveCfg = AppStore|iPhone
		{B9A22EAA-D37E-464C-91B7-8927B4ADCD54}.AppStore|iPhone.ActiveCfg = AppStore|iPhone
		{B9A22EAA-D37E-464C-91B7-8927B4ADCD54}.AppStore|iPhone.Build.0 = AppStore|iPhone
		{B9A22EAA-D37E-464C-91B7-8927B4ADCD54}.AppStore|iPhoneSimulator.ActiveCfg = AppStore|iPhoneSimulator
		{B9A22EAA-D37E-464C-91B7-8927B4ADCD54}.AppStore|iPhoneSimulator.Build.0 = AppStore|iPhoneSimulator
		{B9A22EAA-D37E-464C-91B7-8927B4ADCD54}.AppStore|Mixed Platforms.ActiveCfg = AppStore|iPhone
		{B9A22EAA-D37E-464C-91B7-8927B4ADCD54}.AppStore|Mixed Platforms.Build.0 = AppStore|iPhone
		{B9A22EAA-D37E-464C-91B7-8927B4ADCD54}.AppStore|x86.ActiveCfg = AppStore|iPhone
		{B9A22EAA-D37E-464C-91B7-8927B4ADCD54}.Debug|Any CPU.ActiveCfg = Debug|iPhone
		{B9A22EAA-D37E-464C-91B7-8927B4ADCD54}.Debug|ARM.ActiveCfg = Debug|iPhone
		{B9A22EAA-D37E-464C-91B7-8927B4ADCD54}.Debug|iPhone.ActiveCfg = Debug|iPhone
		{B9A22EAA-D37E-464C-91B7-8927B4ADCD54}.Debug|iPhone.Build.0 = Debug|iPhone
		{B9A22EAA-D37E-464C-91B7-8927B4ADCD54}.Debug|iPhoneSimulator.ActiveCfg = Debug|iPhoneSimulator
		{B9A22EAA-D37E-464C-91B7-8927B4ADCD54}.Debug|iPhoneSimulator.Build.0 = Debug|iPhoneSimulator
		{B9A22EAA-D37E-464C-91B7-8927B4ADCD54}.Debug|Mixed Platforms.ActiveCfg = Debug|iPhone
		{B9A22EAA-D37E-464C-91B7-8927B4ADCD54}.Debug|Mixed Platforms.Build.0 = Debug|iPhone
		{B9A22EAA-D37E-464C-91B7-8927B4ADCD54}.Debug|x86.ActiveCfg = Debug|iPhone
		{B9A22EAA-D37E-464C-91B7-8927B4ADCD54}.Release|Any CPU.ActiveCfg = Release|iPhone
		{B9A22EAA-D37E-464C-91B7-8927B4ADCD54}.Release|ARM.ActiveCfg = Release|iPhone
		{B9A22EAA-D37E-464C-91B7-8927B4ADCD54}.Release|iPhone.ActiveCfg = Release|iPhone
		{B9A22EAA-D37E-464C-91B7-8927B4ADCD54}.Release|iPhone.Build.0 = Release|iPhone
		{B9A22EAA-D37E-464C-91B7-8927B4ADCD54}.Release|iPhoneSimulator.ActiveCfg = Release|iPhoneSimulator
		{B9A22EAA-D37E-464C-91B7-8927B4ADCD54}.Release|iPhoneSimulator.Build.0 = Release|iPhoneSimulator
		{B9A22EAA-D37E-464C-91B7-8927B4ADCD54}.Release|Mixed Platforms.ActiveCfg = Release|iPhone
		{B9A22EAA-D37E-464C-91B7-8927B4ADCD54}.Release|Mixed Platforms.Build.0 = Release|iPhone
		{B9A22EAA-D37E-464C-91B7-8927B4ADCD54}.Release|x86.ActiveCfg = Release|iPhone
		{CCB9980E-CDB0-4A3D-854D-4555D2DE2EA7}.Ad-Hoc|Any CPU.ActiveCfg = Ad-Hoc|iPhone
		{CCB9980E-CDB0-4A3D-854D-4555D2DE2EA7}.Ad-Hoc|ARM.ActiveCfg = Ad-Hoc|iPhone
		{CCB9980E-CDB0-4A3D-854D-4555D2DE2EA7}.Ad-Hoc|iPhone.ActiveCfg = Ad-Hoc|iPhone
		{CCB9980E-CDB0-4A3D-854D-4555D2DE2EA7}.Ad-Hoc|iPhone.Build.0 = Ad-Hoc|iPhone
		{CCB9980E-CDB0-4A3D-854D-4555D2DE2EA7}.Ad-Hoc|iPhoneSimulator.ActiveCfg = Ad-Hoc|iPhoneSimulator
		{CCB9980E-CDB0-4A3D-854D-4555D2DE2EA7}.Ad-Hoc|iPhoneSimulator.Build.0 = Ad-Hoc|iPhoneSimulator
		{CCB9980E-CDB0-4A3D-854D-4555D2DE2EA7}.Ad-Hoc|Mixed Platforms.ActiveCfg = Ad-Hoc|iPhone
		{CCB9980E-CDB0-4A3D-854D-4555D2DE2EA7}.Ad-Hoc|Mixed Platforms.Build.0 = Ad-Hoc|iPhone
		{CCB9980E-CDB0-4A3D-854D-4555D2DE2EA7}.Ad-Hoc|x86.ActiveCfg = Ad-Hoc|iPhone
		{CCB9980E-CDB0-4A3D-854D-4555D2DE2EA7}.AppStore|Any CPU.ActiveCfg = AppStore|iPhone
		{CCB9980E-CDB0-4A3D-854D-4555D2DE2EA7}.AppStore|ARM.ActiveCfg = AppStore|iPhone
		{CCB9980E-CDB0-4A3D-854D-4555D2DE2EA7}.AppStore|iPhone.ActiveCfg = AppStore|iPhone
		{CCB9980E-CDB0-4A3D-854D-4555D2DE2EA7}.AppStore|iPhone.Build.0 = AppStore|iPhone
		{CCB9980E-CDB0-4A3D-854D-4555D2DE2EA7}.AppStore|iPhoneSimulator.ActiveCfg = AppStore|iPhoneSimulator
		{CCB9980E-CDB0-4A3D-854D-4555D2DE2EA7}.AppStore|iPhoneSimulator.Build.0 = AppStore|iPhoneSimulator
		{CCB9980E-CDB0-4A3D-854D-4555D2DE2EA7}.AppStore|Mixed Platforms.ActiveCfg = AppStore|iPhone
		{CCB9980E-CDB0-4A3D-854D-4555D2DE2EA7}.AppStore|Mixed Platforms.Build.0 = AppStore|iPhone
		{CCB9980E-CDB0-4A3D-854D-4555D2DE2EA7}.AppStore|x86.ActiveCfg = AppStore|iPhone
		{CCB9980E-CDB0-4A3D-854D-4555D2DE2EA7}.Debug|Any CPU.ActiveCfg = Debug|iPhone
		{CCB9980E-CDB0-4A3D-854D-4555D2DE2EA7}.Debug|ARM.ActiveCfg = Debug|iPhone
		{CCB9980E-CDB0-4A3D-854D-4555D2DE2EA7}.Debug|iPhone.ActiveCfg = Debug|iPhone
		{CCB9980E-CDB0-4A3D-854D-4555D2DE2EA7}.Debug|iPhone.Build.0 = Debug|iPhone
		{CCB9980E-CDB0-4A3D-854D-4555D2DE2EA7}.Debug|iPhoneSimulator.ActiveCfg = Debug|iPhoneSimulator
		{CCB9980E-CDB0-4A3D-854D-4555D2DE2EA7}.Debug|iPhoneSimulator.Build.0 = Debug|iPhoneSimulator
		{CCB9980E-CDB0-4A3D-854D-4555D2DE2EA7}.Debug|Mixed Platforms.ActiveCfg = Debug|iPhone
		{CCB9980E-CDB0-4A3D-854D-4555D2DE2EA7}.Debug|Mixed Platforms.Build.0 = Debug|iPhone
		{CCB9980E-CDB0-4A3D-854D-4555D2DE2EA7}.Debug|x86.ActiveCfg = Debug|iPhone
		{CCB9980E-CDB0-4A3D-854D-4555D2DE2EA7}.Release|Any CPU.ActiveCfg = Release|iPhone
		{CCB9980E-CDB0-4A3D-854D-4555D2DE2EA7}.Release|ARM.ActiveCfg = Release|iPhone
		{CCB9980E-CDB0-4A3D-854D-4555D2DE2EA7}.Release|iPhone.ActiveCfg = Release|iPhone
		{CCB9980E-CDB0-4A3D-854D-4555D2DE2EA7}.Release|iPhone.Build.0 = Release|iPhone
		{CCB9980E-CDB0-4A3D-854D-4555D2DE2EA7}.Release|iPhoneSimulator.ActiveCfg = Release|iPhoneSimulator
		{CCB9980E-CDB0-4A3D-854D-4555D2DE2EA7}.Release|iPhoneSimulator.Build.0 = Release|iPhoneSimulator
		{CCB9980E-CDB0-4A3D-854D-4555D2DE2EA7}.Release|Mixed Platforms.ActiveCfg = Release|iPhone
		{CCB9980E-CDB0-4A3D-854D-4555D2DE2EA7}.Release|Mixed Platforms.Build.0 = Release|iPhone
		{CCB9980E-CDB0-4A3D-854D-4555D2DE2EA7}.Release|x86.ActiveCfg = Release|iPhone
		{D46E20A0-DBA9-49A5-B45E-CE4664850445}.Ad-Hoc|Any CPU.ActiveCfg = Release|Any CPU
		{D46E20A0-DBA9-49A5-B45E-CE4664850445}.Ad-Hoc|ARM.ActiveCfg = Release|Any CPU
		{D46E20A0-DBA9-49A5-B45E-CE4664850445}.Ad-Hoc|iPhone.ActiveCfg = Debug|Any CPU
		{D46E20A0-DBA9-49A5-B45E-CE4664850445}.Ad-Hoc|iPhone.Build.0 = Debug|Any CPU
		{D46E20A0-DBA9-49A5-B45E-CE4664850445}.Ad-Hoc|iPhoneSimulator.ActiveCfg = Release|Any CPU
		{D46E20A0-DBA9-49A5-B45E-CE4664850445}.Ad-Hoc|Mixed Platforms.ActiveCfg = Release|Any CPU
		{D46E20A0-DBA9-49A5-B45E-CE4664850445}.Ad-Hoc|Mixed Platforms.Build.0 = Release|Any CPU
		{D46E20A0-DBA9-49A5-B45E-CE4664850445}.Ad-Hoc|x86.ActiveCfg = Release|Any CPU
		{D46E20A0-DBA9-49A5-B45E-CE4664850445}.AppStore|Any CPU.ActiveCfg = Release|Any CPU
		{D46E20A0-DBA9-49A5-B45E-CE4664850445}.AppStore|ARM.ActiveCfg = Release|Any CPU
		{D46E20A0-DBA9-49A5-B45E-CE4664850445}.AppStore|iPhone.ActiveCfg = Debug|Any CPU
		{D46E20A0-DBA9-49A5-B45E-CE4664850445}.AppStore|iPhone.Build.0 = Debug|Any CPU
		{D46E20A0-DBA9-49A5-B45E-CE4664850445}.AppStore|iPhoneSimulator.ActiveCfg = Release|Any CPU
		{D46E20A0-DBA9-49A5-B45E-CE4664850445}.AppStore|Mixed Platforms.ActiveCfg = Release|Any CPU
		{D46E20A0-DBA9-49A5-B45E-CE4664850445}.AppStore|Mixed Platforms.Build.0 = Release|Any CPU
		{D46E20A0-DBA9-49A5-B45E-CE4664850445}.AppStore|x86.ActiveCfg = Release|Any CPU
		{D46E20A0-DBA9-49A5-B45E-CE4664850445}.Debug|Any CPU.ActiveCfg = Debug|Any CPU
		{D46E20A0-DBA9-49A5-B45E-CE4664850445}.Debug|Any CPU.Build.0 = Debug|Any CPU
		{D46E20A0-DBA9-49A5-B45E-CE4664850445}.Debug|ARM.ActiveCfg = Debug|Any CPU
		{D46E20A0-DBA9-49A5-B45E-CE4664850445}.Debug|iPhone.ActiveCfg = Debug|Any CPU
		{D46E20A0-DBA9-49A5-B45E-CE4664850445}.Debug|iPhone.Build.0 = Debug|Any CPU
		{D46E20A0-DBA9-49A5-B45E-CE4664850445}.Debug|iPhoneSimulator.ActiveCfg = Debug|Any CPU
		{D46E20A0-DBA9-49A5-B45E-CE4664850445}.Debug|iPhoneSimulator.Build.0 = Debug|Any CPU
		{D46E20A0-DBA9-49A5-B45E-CE4664850445}.Debug|Mixed Platforms.ActiveCfg = Debug|Any CPU
		{D46E20A0-DBA9-49A5-B45E-CE4664850445}.Debug|Mixed Platforms.Build.0 = Debug|Any CPU
		{D46E20A0-DBA9-49A5-B45E-CE4664850445}.Debug|x86.ActiveCfg = Debug|Any CPU
		{D46E20A0-DBA9-49A5-B45E-CE4664850445}.Release|Any CPU.ActiveCfg = Release|Any CPU
		{D46E20A0-DBA9-49A5-B45E-CE4664850445}.Release|Any CPU.Build.0 = Release|Any CPU
		{D46E20A0-DBA9-49A5-B45E-CE4664850445}.Release|ARM.ActiveCfg = Release|Any CPU
		{D46E20A0-DBA9-49A5-B45E-CE4664850445}.Release|iPhone.ActiveCfg = Release|Any CPU
		{D46E20A0-DBA9-49A5-B45E-CE4664850445}.Release|iPhone.Build.0 = Release|Any CPU
		{D46E20A0-DBA9-49A5-B45E-CE4664850445}.Release|iPhoneSimulator.ActiveCfg = Release|Any CPU
		{D46E20A0-DBA9-49A5-B45E-CE4664850445}.Release|iPhoneSimulator.Build.0 = Release|Any CPU
		{D46E20A0-DBA9-49A5-B45E-CE4664850445}.Release|Mixed Platforms.ActiveCfg = Release|Any CPU
		{D46E20A0-DBA9-49A5-B45E-CE4664850445}.Release|Mixed Platforms.Build.0 = Release|Any CPU
		{D46E20A0-DBA9-49A5-B45E-CE4664850445}.Release|x86.ActiveCfg = Release|Any CPU
		{E2BEE375-7A04-41FF-9312-A82D6DE4A80D}.Ad-Hoc|Any CPU.ActiveCfg = Ad-Hoc|iPhone
		{E2BEE375-7A04-41FF-9312-A82D6DE4A80D}.Ad-Hoc|ARM.ActiveCfg = Ad-Hoc|iPhone
		{E2BEE375-7A04-41FF-9312-A82D6DE4A80D}.Ad-Hoc|iPhone.ActiveCfg = Ad-Hoc|iPhone
		{E2BEE375-7A04-41FF-9312-A82D6DE4A80D}.Ad-Hoc|iPhone.Build.0 = Ad-Hoc|iPhone
		{E2BEE375-7A04-41FF-9312-A82D6DE4A80D}.Ad-Hoc|iPhoneSimulator.ActiveCfg = Ad-Hoc|iPhoneSimulator
		{E2BEE375-7A04-41FF-9312-A82D6DE4A80D}.Ad-Hoc|iPhoneSimulator.Build.0 = Ad-Hoc|iPhoneSimulator
		{E2BEE375-7A04-41FF-9312-A82D6DE4A80D}.Ad-Hoc|Mixed Platforms.ActiveCfg = Ad-Hoc|iPhone
		{E2BEE375-7A04-41FF-9312-A82D6DE4A80D}.Ad-Hoc|Mixed Platforms.Build.0 = Ad-Hoc|iPhone
		{E2BEE375-7A04-41FF-9312-A82D6DE4A80D}.Ad-Hoc|x86.ActiveCfg = Ad-Hoc|iPhone
		{E2BEE375-7A04-41FF-9312-A82D6DE4A80D}.AppStore|Any CPU.ActiveCfg = AppStore|iPhone
		{E2BEE375-7A04-41FF-9312-A82D6DE4A80D}.AppStore|ARM.ActiveCfg = AppStore|iPhone
		{E2BEE375-7A04-41FF-9312-A82D6DE4A80D}.AppStore|iPhone.ActiveCfg = AppStore|iPhone
		{E2BEE375-7A04-41FF-9312-A82D6DE4A80D}.AppStore|iPhone.Build.0 = AppStore|iPhone
		{E2BEE375-7A04-41FF-9312-A82D6DE4A80D}.AppStore|iPhoneSimulator.ActiveCfg = AppStore|iPhoneSimulator
		{E2BEE375-7A04-41FF-9312-A82D6DE4A80D}.AppStore|iPhoneSimulator.Build.0 = AppStore|iPhoneSimulator
		{E2BEE375-7A04-41FF-9312-A82D6DE4A80D}.AppStore|Mixed Platforms.ActiveCfg = AppStore|iPhone
		{E2BEE375-7A04-41FF-9312-A82D6DE4A80D}.AppStore|Mixed Platforms.Build.0 = AppStore|iPhone
		{E2BEE375-7A04-41FF-9312-A82D6DE4A80D}.AppStore|x86.ActiveCfg = AppStore|iPhone
		{E2BEE375-7A04-41FF-9312-A82D6DE4A80D}.Debug|Any CPU.ActiveCfg = Debug|iPhone
		{E2BEE375-7A04-41FF-9312-A82D6DE4A80D}.Debug|ARM.ActiveCfg = Debug|iPhone
		{E2BEE375-7A04-41FF-9312-A82D6DE4A80D}.Debug|iPhone.ActiveCfg = Debug|iPhone
		{E2BEE375-7A04-41FF-9312-A82D6DE4A80D}.Debug|iPhone.Build.0 = Debug|iPhone
		{E2BEE375-7A04-41FF-9312-A82D6DE4A80D}.Debug|iPhoneSimulator.ActiveCfg = Debug|iPhoneSimulator
		{E2BEE375-7A04-41FF-9312-A82D6DE4A80D}.Debug|iPhoneSimulator.Build.0 = Debug|iPhoneSimulator
		{E2BEE375-7A04-41FF-9312-A82D6DE4A80D}.Debug|Mixed Platforms.ActiveCfg = Debug|iPhone
		{E2BEE375-7A04-41FF-9312-A82D6DE4A80D}.Debug|Mixed Platforms.Build.0 = Debug|iPhone
		{E2BEE375-7A04-41FF-9312-A82D6DE4A80D}.Debug|x86.ActiveCfg = Debug|iPhone
		{E2BEE375-7A04-41FF-9312-A82D6DE4A80D}.Release|Any CPU.ActiveCfg = Release|iPhone
		{E2BEE375-7A04-41FF-9312-A82D6DE4A80D}.Release|ARM.ActiveCfg = Release|iPhone
		{E2BEE375-7A04-41FF-9312-A82D6DE4A80D}.Release|iPhone.ActiveCfg = Release|iPhone
		{E2BEE375-7A04-41FF-9312-A82D6DE4A80D}.Release|iPhone.Build.0 = Release|iPhone
		{E2BEE375-7A04-41FF-9312-A82D6DE4A80D}.Release|iPhoneSimulator.ActiveCfg = Release|iPhoneSimulator
		{E2BEE375-7A04-41FF-9312-A82D6DE4A80D}.Release|iPhoneSimulator.Build.0 = Release|iPhoneSimulator
		{E2BEE375-7A04-41FF-9312-A82D6DE4A80D}.Release|Mixed Platforms.ActiveCfg = Release|iPhone
		{E2BEE375-7A04-41FF-9312-A82D6DE4A80D}.Release|Mixed Platforms.Build.0 = Release|iPhone
		{E2BEE375-7A04-41FF-9312-A82D6DE4A80D}.Release|x86.ActiveCfg = Release|iPhone
		{EDE30D4F-FC0D-458A-A358-A745FC138DF3}.Ad-Hoc|Any CPU.ActiveCfg = Release|Any CPU
		{EDE30D4F-FC0D-458A-A358-A745FC138DF3}.Ad-Hoc|ARM.ActiveCfg = Release|Any CPU
		{EDE30D4F-FC0D-458A-A358-A745FC138DF3}.Ad-Hoc|iPhone.ActiveCfg = Debug|Any CPU
		{EDE30D4F-FC0D-458A-A358-A745FC138DF3}.Ad-Hoc|iPhone.Build.0 = Debug|Any CPU
		{EDE30D4F-FC0D-458A-A358-A745FC138DF3}.Ad-Hoc|iPhoneSimulator.ActiveCfg = Release|Any CPU
		{EDE30D4F-FC0D-458A-A358-A745FC138DF3}.Ad-Hoc|Mixed Platforms.ActiveCfg = Release|Any CPU
		{EDE30D4F-FC0D-458A-A358-A745FC138DF3}.Ad-Hoc|Mixed Platforms.Build.0 = Release|Any CPU
		{EDE30D4F-FC0D-458A-A358-A745FC138DF3}.Ad-Hoc|x86.ActiveCfg = Release|Any CPU
		{EDE30D4F-FC0D-458A-A358-A745FC138DF3}.AppStore|Any CPU.ActiveCfg = Release|Any CPU
		{EDE30D4F-FC0D-458A-A358-A745FC138DF3}.AppStore|ARM.ActiveCfg = Release|Any CPU
		{EDE30D4F-FC0D-458A-A358-A745FC138DF3}.AppStore|iPhone.ActiveCfg = Debug|Any CPU
		{EDE30D4F-FC0D-458A-A358-A745FC138DF3}.AppStore|iPhone.Build.0 = Debug|Any CPU
		{EDE30D4F-FC0D-458A-A358-A745FC138DF3}.AppStore|iPhoneSimulator.ActiveCfg = Release|Any CPU
		{EDE30D4F-FC0D-458A-A358-A745FC138DF3}.AppStore|Mixed Platforms.ActiveCfg = Release|Any CPU
		{EDE30D4F-FC0D-458A-A358-A745FC138DF3}.AppStore|Mixed Platforms.Build.0 = Release|Any CPU
		{EDE30D4F-FC0D-458A-A358-A745FC138DF3}.AppStore|x86.ActiveCfg = Release|Any CPU
		{EDE30D4F-FC0D-458A-A358-A745FC138DF3}.Debug|Any CPU.ActiveCfg = Debug|Any CPU
		{EDE30D4F-FC0D-458A-A358-A745FC138DF3}.Debug|Any CPU.Build.0 = Debug|Any CPU
		{EDE30D4F-FC0D-458A-A358-A745FC138DF3}.Debug|ARM.ActiveCfg = Debug|Any CPU
		{EDE30D4F-FC0D-458A-A358-A745FC138DF3}.Debug|iPhone.ActiveCfg = Debug|Any CPU
		{EDE30D4F-FC0D-458A-A358-A745FC138DF3}.Debug|iPhone.Build.0 = Debug|Any CPU
		{EDE30D4F-FC0D-458A-A358-A745FC138DF3}.Debug|iPhoneSimulator.ActiveCfg = Debug|Any CPU
		{EDE30D4F-FC0D-458A-A358-A745FC138DF3}.Debug|iPhoneSimulator.Build.0 = Debug|Any CPU
		{EDE30D4F-FC0D-458A-A358-A745FC138DF3}.Debug|Mixed Platforms.ActiveCfg = Debug|Any CPU
		{EDE30D4F-FC0D-458A-A358-A745FC138DF3}.Debug|Mixed Platforms.Build.0 = Debug|Any CPU
		{EDE30D4F-FC0D-458A-A358-A745FC138DF3}.Debug|x86.ActiveCfg = Debug|Any CPU
		{EDE30D4F-FC0D-458A-A358-A745FC138DF3}.Release|Any CPU.ActiveCfg = Release|Any CPU
		{EDE30D4F-FC0D-458A-A358-A745FC138DF3}.Release|Any CPU.Build.0 = Release|Any CPU
		{EDE30D4F-FC0D-458A-A358-A745FC138DF3}.Release|ARM.ActiveCfg = Release|Any CPU
		{EDE30D4F-FC0D-458A-A358-A745FC138DF3}.Release|iPhone.ActiveCfg = Release|Any CPU
		{EDE30D4F-FC0D-458A-A358-A745FC138DF3}.Release|iPhone.Build.0 = Release|Any CPU
		{EDE30D4F-FC0D-458A-A358-A745FC138DF3}.Release|iPhoneSimulator.ActiveCfg = Release|Any CPU
		{EDE30D4F-FC0D-458A-A358-A745FC138DF3}.Release|iPhoneSimulator.Build.0 = Release|Any CPU
		{EDE30D4F-FC0D-458A-A358-A745FC138DF3}.Release|Mixed Platforms.ActiveCfg = Release|Any CPU
		{EDE30D4F-FC0D-458A-A358-A745FC138DF3}.Release|Mixed Platforms.Build.0 = Release|Any CPU
		{EDE30D4F-FC0D-458A-A358-A745FC138DF3}.Release|x86.ActiveCfg = Release|Any CPU
		{FB361F3C-66D3-4B16-9FBF-62C06F7815FD}.Ad-Hoc|Any CPU.ActiveCfg = Ad-Hoc|iPhone
		{FB361F3C-66D3-4B16-9FBF-62C06F7815FD}.Ad-Hoc|ARM.ActiveCfg = Ad-Hoc|iPhone
		{FB361F3C-66D3-4B16-9FBF-62C06F7815FD}.Ad-Hoc|iPhone.ActiveCfg = Ad-Hoc|iPhone
		{FB361F3C-66D3-4B16-9FBF-62C06F7815FD}.Ad-Hoc|iPhone.Build.0 = Ad-Hoc|iPhone
		{FB361F3C-66D3-4B16-9FBF-62C06F7815FD}.Ad-Hoc|iPhoneSimulator.ActiveCfg = Ad-Hoc|iPhoneSimulator
		{FB361F3C-66D3-4B16-9FBF-62C06F7815FD}.Ad-Hoc|iPhoneSimulator.Build.0 = Ad-Hoc|iPhoneSimulator
		{FB361F3C-66D3-4B16-9FBF-62C06F7815FD}.Ad-Hoc|Mixed Platforms.ActiveCfg = Ad-Hoc|iPhone
		{FB361F3C-66D3-4B16-9FBF-62C06F7815FD}.Ad-Hoc|Mixed Platforms.Build.0 = Ad-Hoc|iPhone
		{FB361F3C-66D3-4B16-9FBF-62C06F7815FD}.Ad-Hoc|x86.ActiveCfg = Ad-Hoc|iPhone
		{FB361F3C-66D3-4B16-9FBF-62C06F7815FD}.AppStore|Any CPU.ActiveCfg = AppStore|iPhone
		{FB361F3C-66D3-4B16-9FBF-62C06F7815FD}.AppStore|ARM.ActiveCfg = AppStore|iPhone
		{FB361F3C-66D3-4B16-9FBF-62C06F7815FD}.AppStore|iPhone.ActiveCfg = AppStore|iPhone
		{FB361F3C-66D3-4B16-9FBF-62C06F7815FD}.AppStore|iPhone.Build.0 = AppStore|iPhone
		{FB361F3C-66D3-4B16-9FBF-62C06F7815FD}.AppStore|iPhoneSimulator.ActiveCfg = AppStore|iPhoneSimulator
		{FB361F3C-66D3-4B16-9FBF-62C06F7815FD}.AppStore|iPhoneSimulator.Build.0 = AppStore|iPhoneSimulator
		{FB361F3C-66D3-4B16-9FBF-62C06F7815FD}.AppStore|Mixed Platforms.ActiveCfg = AppStore|iPhone
		{FB361F3C-66D3-4B16-9FBF-62C06F7815FD}.AppStore|Mixed Platforms.Build.0 = AppStore|iPhone
		{FB361F3C-66D3-4B16-9FBF-62C06F7815FD}.AppStore|x86.ActiveCfg = AppStore|iPhone
		{FB361F3C-66D3-4B16-9FBF-62C06F7815FD}.Debug|Any CPU.ActiveCfg = Debug|iPhone
		{FB361F3C-66D3-4B16-9FBF-62C06F7815FD}.Debug|ARM.ActiveCfg = Debug|iPhone
		{FB361F3C-66D3-4B16-9FBF-62C06F7815FD}.Debug|iPhone.ActiveCfg = Debug|iPhone
		{FB361F3C-66D3-4B16-9FBF-62C06F7815FD}.Debug|iPhone.Build.0 = Debug|iPhone
		{FB361F3C-66D3-4B16-9FBF-62C06F7815FD}.Debug|iPhoneSimulator.ActiveCfg = Debug|iPhoneSimulator
		{FB361F3C-66D3-4B16-9FBF-62C06F7815FD}.Debug|iPhoneSimulator.Build.0 = Debug|iPhoneSimulator
		{FB361F3C-66D3-4B16-9FBF-62C06F7815FD}.Debug|Mixed Platforms.ActiveCfg = Debug|iPhone
		{FB361F3C-66D3-4B16-9FBF-62C06F7815FD}.Debug|Mixed Platforms.Build.0 = Debug|iPhone
		{FB361F3C-66D3-4B16-9FBF-62C06F7815FD}.Debug|x86.ActiveCfg = Debug|iPhone
		{FB361F3C-66D3-4B16-9FBF-62C06F7815FD}.Release|Any CPU.ActiveCfg = Release|iPhone
		{FB361F3C-66D3-4B16-9FBF-62C06F7815FD}.Release|ARM.ActiveCfg = Release|iPhone
		{FB361F3C-66D3-4B16-9FBF-62C06F7815FD}.Release|iPhone.ActiveCfg = Release|iPhone
		{FB361F3C-66D3-4B16-9FBF-62C06F7815FD}.Release|iPhone.Build.0 = Release|iPhone
		{FB361F3C-66D3-4B16-9FBF-62C06F7815FD}.Release|iPhoneSimulator.ActiveCfg = Release|iPhoneSimulator
		{FB361F3C-66D3-4B16-9FBF-62C06F7815FD}.Release|iPhoneSimulator.Build.0 = Release|iPhoneSimulator
		{FB361F3C-66D3-4B16-9FBF-62C06F7815FD}.Release|Mixed Platforms.ActiveCfg = Release|iPhone
		{FB361F3C-66D3-4B16-9FBF-62C06F7815FD}.Release|Mixed Platforms.Build.0 = Release|iPhone
		{FB361F3C-66D3-4B16-9FBF-62C06F7815FD}.Release|x86.ActiveCfg = Release|iPhone
	EndGlobalSection
	GlobalSection(NestedProjects) = preSolution
		{87580927-9F8E-42AE-BDFE-35F95ABF17D8} = {6882AA0F-683A-4660-BF39-F9F00CC351DD}
		{EDE30D4F-FC0D-458A-A358-A745FC138DF3} = {6882AA0F-683A-4660-BF39-F9F00CC351DD}
		{D46E20A0-DBA9-49A5-B45E-CE4664850445} = {6882AA0F-683A-4660-BF39-F9F00CC351DD}
		{15BE2387-8E72-4C0B-8A6A-460EF5FA4539} = {6882AA0F-683A-4660-BF39-F9F00CC351DD}
		{08470E0D-EB43-4E07-92F4-020DF019F628} = {6882AA0F-683A-4660-BF39-F9F00CC351DD}
		{4783294D-8B20-4EBE-90F1-602BF7DD584E} = {6882AA0F-683A-4660-BF39-F9F00CC351DD}
		{1C205FEF-7F1A-4892-A19E-D56C8003382F} = {F0C3B07C-A7E1-48AA-911B-35CE49323A36}
		{1D590646-D639-4E6F-BC8C-2476A4FE632B} = {F0C3B07C-A7E1-48AA-911B-35CE49323A36}
		{90E6A56F-0922-427D-B9DB-C6D1698972B6} = {1C205FEF-7F1A-4892-A19E-D56C8003382F}
		{FB361F3C-66D3-4B16-9FBF-62C06F7815FD} = {1C205FEF-7F1A-4892-A19E-D56C8003382F}
		{440C460F-6ED0-4E0D-B715-C307CE0C4C4B} = {1C205FEF-7F1A-4892-A19E-D56C8003382F}
		{3937B59E-F9E2-41E4-9E5C-5F8A63A361AE} = {1C205FEF-7F1A-4892-A19E-D56C8003382F}
		{4ECEC594-F1BE-4904-937A-8DDF7C7B5479} = {1C205FEF-7F1A-4892-A19E-D56C8003382F}
		{A89DB3FC-EB88-4CDB-830A-93352CB2F9FF} = {1C205FEF-7F1A-4892-A19E-D56C8003382F}
		{6CCC688D-8987-4831-B208-649F5ED561F0} = {1C205FEF-7F1A-4892-A19E-D56C8003382F}
		{1C14B9FC-B0EC-4D38-B14A-5885B6A32196} = {1C205FEF-7F1A-4892-A19E-D56C8003382F}
		{11601EEE-E605-419A-8BC8-C3093AEC7B9A} = {1D590646-D639-4E6F-BC8C-2476A4FE632B}
		{2335FEC4-6734-40EB-A7F1-6E9182D70604} = {1D590646-D639-4E6F-BC8C-2476A4FE632B}
		{5F36CD09-68AD-498E-990F-481A3DE346A5} = {1D590646-D639-4E6F-BC8C-2476A4FE632B}
		{B9A22EAA-D37E-464C-91B7-8927B4ADCD54} = {1D590646-D639-4E6F-BC8C-2476A4FE632B}
		{CCB9980E-CDB0-4A3D-854D-4555D2DE2EA7} = {1D590646-D639-4E6F-BC8C-2476A4FE632B}
		{303FCDB9-A74D-4C14-B7C7-348955BABA7E} = {1D590646-D639-4E6F-BC8C-2476A4FE632B}
		{9E169395-1350-4819-BB35-34EAC3287096} = {1D590646-D639-4E6F-BC8C-2476A4FE632B}
		{E2BEE375-7A04-41FF-9312-A82D6DE4A80D} = {1D590646-D639-4E6F-BC8C-2476A4FE632B}
	EndGlobalSection
	GlobalSection(SolutionProperties) = preSolution
		HideSolutionNode = FALSE
	EndGlobalSection
EndGlobal
