
Microsoft Visual Studio Solution File, Format Version 12.00
# Visual Studio 2013
VisualStudioVersion = 12.0.30723.0
MinimumVisualStudioVersion = 10.0.40219.1
Project("{FAE04EC0-301F-11D3-BF4B-00C04F79EFBC}") = "Xamarin.Auth Sample (Android)", "Xamarin.Auth.Sample.Android\Xamarin.Auth Sample (Android).csproj", "{A0035902-A1F0-4613-A493-1B121FCA2BE1}"
EndProject
Project("{2150E333-8FDC-42A3-9474-1A3956D46DE8}") = "src", "src", "{81CB4C1E-73EB-43EE-8877-0D521DDCE6F5}"
EndProject
Project("{2150E333-8FDC-42A3-9474-1A3956D46DE8}") = "samples", "samples", "{E3189C1B-FAE9-46D6-BFBD-69AC234C9CE9}"
EndProject
Project("{2150E333-8FDC-42A3-9474-1A3956D46DE8}") = "src", "src", "{6882AA0F-683A-4660-BF39-F9F00CC351DD}"
EndProject
Project("{FAE04EC0-301F-11D3-BF4B-00C04F79EFBC}") = "Xamarin.Auth.Portable", "..\src\Xamarin.Auth\Xamarin.Auth.Portable\Xamarin.Auth.Portable.csproj", "{87580927-9F8E-42AE-BDFE-35F95ABF17D8}"
EndProject
Project("{FAE04EC0-301F-11D3-BF4B-00C04F79EFBC}") = "Xamarin.Auth.LinkSource", "..\src\Xamarin.Auth\Xamarin.Auth.LinkSource\Xamarin.Auth.LinkSource.csproj", "{EDE30D4F-FC0D-458A-A358-A745FC138DF3}"
EndProject
Project("{FAE04EC0-301F-11D3-BF4B-00C04F79EFBC}") = "Xamarin.Auth.XamarinAndroid", "..\src\Xamarin.Auth\Xamarin.Auth.XamarinAndroid\Xamarin.Auth.XamarinAndroid.csproj", "{D46E20A0-DBA9-49A5-B45E-CE4664850445}"
EndProject
Project("{FAE04EC0-301F-11D3-BF4B-00C04F79EFBC}") = "Xamarin.Auth.XamarinIOS", "..\src\Xamarin.Auth\Xamarin.Auth.XamarinIOS\Xamarin.Auth.XamarinIOS.csproj", "{15BE2387-8E72-4C0B-8A6A-460EF5FA4539}"
EndProject
Project("{FAE04EC0-301F-11D3-BF4B-00C04F79EFBC}") = "Xamarin.Auth.WindowsPhone8", "..\src\Xamarin.Auth\Xamarin.Auth.WindowsPhone8\Xamarin.Auth.WindowsPhone8.csproj", "{08470E0D-EB43-4E07-92F4-020DF019F628}"
EndProject
Project("{FAE04EC0-301F-11D3-BF4B-00C04F79EFBC}") = "Xamarin.Auth.XamarinIOS.Classic", "..\src\Xamarin.Auth\Xamarin.Auth.XamarinIOS.Classic\Xamarin.Auth.XamarinIOS.Classic.csproj", "{4783294D-8B20-4EBE-90F1-602BF7DD584E}"
EndProject
Project("{2150E333-8FDC-42A3-9474-1A3956D46DE8}") = ".nuget", ".nuget", "{73798C80-EB18-442B-9ACD-56A863B942E4}"
	ProjectSection(SolutionItems) = preProject
		..\.nuget\packages.config = ..\.nuget\packages.config
	EndProjectSection
EndProject
Project("{2150E333-8FDC-42A3-9474-1A3956D46DE8}") = "samples", "samples", "{6DF7651E-0409-4722-A064-9A334BFFD228}"
EndProject
Project("{FAE04EC0-301F-11D3-BF4B-00C04F79EFBC}") = "Xamarin.Auth Sample (iOS)", "Xamarin.Auth.Sample.iOS\Xamarin.Auth Sample (iOS).csproj", "{3653E844-23F0-4246-A953-CEB9BD9E3AE1}"
EndProject
Project("{FAE04EC0-301F-11D3-BF4B-00C04F79EFBC}") = "Xamarin.Auth.Sample.WinPhone", "Xamarin.Auth.Sample.WinPhone8\Xamarin.Auth.Sample.WinPhone.csproj", "{75211E06-B829-4DC3-B365-31BB47BA5105}"
EndProject
Global
	GlobalSection(SolutionConfigurationPlatforms) = preSolution
		Ad-Hoc|Any CPU = Ad-Hoc|Any CPU
		Ad-Hoc|ARM = Ad-Hoc|ARM
		Ad-Hoc|iPhone = Ad-Hoc|iPhone
		Ad-Hoc|iPhoneSimulator = Ad-Hoc|iPhoneSimulator
		Ad-Hoc|Mixed Platforms = Ad-Hoc|Mixed Platforms
		Ad-Hoc|x86 = Ad-Hoc|x86
		AppStore|Any CPU = AppStore|Any CPU
		AppStore|ARM = AppStore|ARM
		AppStore|iPhone = AppStore|iPhone
		AppStore|iPhoneSimulator = AppStore|iPhoneSimulator
		AppStore|Mixed Platforms = AppStore|Mixed Platforms
		AppStore|x86 = AppStore|x86
		Debug|Any CPU = Debug|Any CPU
		Debug|ARM = Debug|ARM
		Debug|iPhone = Debug|iPhone
		Debug|iPhoneSimulator = Debug|iPhoneSimulator
		Debug|Mixed Platforms = Debug|Mixed Platforms
		Debug|x86 = Debug|x86
		Release|Any CPU = Release|Any CPU
		Release|ARM = Release|ARM
		Release|iPhone = Release|iPhone
		Release|iPhoneSimulator = Release|iPhoneSimulator
		Release|Mixed Platforms = Release|Mixed Platforms
		Release|x86 = Release|x86
	EndGlobalSection
	GlobalSection(ProjectConfigurationPlatforms) = postSolution
		{A0035902-A1F0-4613-A493-1B121FCA2BE1}.Ad-Hoc|Any CPU.ActiveCfg = Release|Any CPU
		{A0035902-A1F0-4613-A493-1B121FCA2BE1}.Ad-Hoc|Any CPU.Build.0 = Release|Any CPU
		{A0035902-A1F0-4613-A493-1B121FCA2BE1}.Ad-Hoc|Any CPU.Deploy.0 = Release|Any CPU
		{A0035902-A1F0-4613-A493-1B121FCA2BE1}.Ad-Hoc|ARM.ActiveCfg = Release|Any CPU
		{A0035902-A1F0-4613-A493-1B121FCA2BE1}.Ad-Hoc|iPhone.ActiveCfg = Release|Any CPU
		{A0035902-A1F0-4613-A493-1B121FCA2BE1}.Ad-Hoc|iPhoneSimulator.ActiveCfg = Release|Any CPU
		{A0035902-A1F0-4613-A493-1B121FCA2BE1}.Ad-Hoc|Mixed Platforms.ActiveCfg = Release|Any CPU
		{A0035902-A1F0-4613-A493-1B121FCA2BE1}.Ad-Hoc|Mixed Platforms.Build.0 = Release|Any CPU
		{A0035902-A1F0-4613-A493-1B121FCA2BE1}.Ad-Hoc|Mixed Platforms.Deploy.0 = Release|Any CPU
		{A0035902-A1F0-4613-A493-1B121FCA2BE1}.Ad-Hoc|x86.ActiveCfg = Release|Any CPU
		{A0035902-A1F0-4613-A493-1B121FCA2BE1}.AppStore|Any CPU.ActiveCfg = Release|Any CPU
		{A0035902-A1F0-4613-A493-1B121FCA2BE1}.AppStore|Any CPU.Build.0 = Release|Any CPU
		{A0035902-A1F0-4613-A493-1B121FCA2BE1}.AppStore|Any CPU.Deploy.0 = Release|Any CPU
		{A0035902-A1F0-4613-A493-1B121FCA2BE1}.AppStore|ARM.ActiveCfg = Release|Any CPU
		{A0035902-A1F0-4613-A493-1B121FCA2BE1}.AppStore|iPhone.ActiveCfg = Release|Any CPU
		{A0035902-A1F0-4613-A493-1B121FCA2BE1}.AppStore|iPhoneSimulator.ActiveCfg = Release|Any CPU
		{A0035902-A1F0-4613-A493-1B121FCA2BE1}.AppStore|Mixed Platforms.ActiveCfg = Release|Any CPU
		{A0035902-A1F0-4613-A493-1B121FCA2BE1}.AppStore|Mixed Platforms.Build.0 = Release|Any CPU
		{A0035902-A1F0-4613-A493-1B121FCA2BE1}.AppStore|Mixed Platforms.Deploy.0 = Release|Any CPU
		{A0035902-A1F0-4613-A493-1B121FCA2BE1}.AppStore|x86.ActiveCfg = Release|Any CPU
		{A0035902-A1F0-4613-A493-1B121FCA2BE1}.Debug|Any CPU.ActiveCfg = Debug|Any CPU
		{A0035902-A1F0-4613-A493-1B121FCA2BE1}.Debug|Any CPU.Build.0 = Debug|Any CPU
		{A0035902-A1F0-4613-A493-1B121FCA2BE1}.Debug|Any CPU.Deploy.0 = Debug|Any CPU
		{A0035902-A1F0-4613-A493-1B121FCA2BE1}.Debug|ARM.ActiveCfg = Debug|Any CPU
		{A0035902-A1F0-4613-A493-1B121FCA2BE1}.Debug|iPhone.ActiveCfg = Debug|Any CPU
		{A0035902-A1F0-4613-A493-1B121FCA2BE1}.Debug|iPhoneSimulator.ActiveCfg = Debug|Any CPU
		{A0035902-A1F0-4613-A493-1B121FCA2BE1}.Debug|Mixed Platforms.ActiveCfg = Debug|Any CPU
		{A0035902-A1F0-4613-A493-1B121FCA2BE1}.Debug|Mixed Platforms.Build.0 = Debug|Any CPU
		{A0035902-A1F0-4613-A493-1B121FCA2BE1}.Debug|Mixed Platforms.Deploy.0 = Debug|Any CPU
		{A0035902-A1F0-4613-A493-1B121FCA2BE1}.Debug|x86.ActiveCfg = Debug|Any CPU
		{A0035902-A1F0-4613-A493-1B121FCA2BE1}.Release|Any CPU.ActiveCfg = Release|Any CPU
		{A0035902-A1F0-4613-A493-1B121FCA2BE1}.Release|Any CPU.Build.0 = Release|Any CPU
		{A0035902-A1F0-4613-A493-1B121FCA2BE1}.Release|Any CPU.Deploy.0 = Release|Any CPU
		{A0035902-A1F0-4613-A493-1B121FCA2BE1}.Release|ARM.ActiveCfg = Release|Any CPU
		{A0035902-A1F0-4613-A493-1B121FCA2BE1}.Release|iPhone.ActiveCfg = Release|Any CPU
		{A0035902-A1F0-4613-A493-1B121FCA2BE1}.Release|iPhoneSimulator.ActiveCfg = Release|Any CPU
		{A0035902-A1F0-4613-A493-1B121FCA2BE1}.Release|Mixed Platforms.ActiveCfg = Release|Any CPU
		{A0035902-A1F0-4613-A493-1B121FCA2BE1}.Release|Mixed Platforms.Build.0 = Release|Any CPU
		{A0035902-A1F0-4613-A493-1B121FCA2BE1}.Release|Mixed Platforms.Deploy.0 = Release|Any CPU
		{A0035902-A1F0-4613-A493-1B121FCA2BE1}.Release|x86.ActiveCfg = Release|Any CPU
		{87580927-9F8E-42AE-BDFE-35F95ABF17D8}.Ad-Hoc|Any CPU.ActiveCfg = Release|Any CPU
		{87580927-9F8E-42AE-BDFE-35F95ABF17D8}.Ad-Hoc|ARM.ActiveCfg = Release|Any CPU
		{87580927-9F8E-42AE-BDFE-35F95ABF17D8}.Ad-Hoc|iPhone.ActiveCfg = Debug|Any CPU
		{87580927-9F8E-42AE-BDFE-35F95ABF17D8}.Ad-Hoc|iPhone.Build.0 = Debug|Any CPU
		{87580927-9F8E-42AE-BDFE-35F95ABF17D8}.Ad-Hoc|iPhoneSimulator.ActiveCfg = Release|Any CPU
		{87580927-9F8E-42AE-BDFE-35F95ABF17D8}.Ad-Hoc|Mixed Platforms.ActiveCfg = Release|Any CPU
		{87580927-9F8E-42AE-BDFE-35F95ABF17D8}.Ad-Hoc|x86.ActiveCfg = Release|Any CPU
		{87580927-9F8E-42AE-BDFE-35F95ABF17D8}.AppStore|Any CPU.ActiveCfg = Release|Any CPU
		{87580927-9F8E-42AE-BDFE-35F95ABF17D8}.AppStore|ARM.ActiveCfg = Release|Any CPU
		{87580927-9F8E-42AE-BDFE-35F95ABF17D8}.AppStore|iPhone.ActiveCfg = Debug|Any CPU
		{87580927-9F8E-42AE-BDFE-35F95ABF17D8}.AppStore|iPhone.Build.0 = Debug|Any CPU
		{87580927-9F8E-42AE-BDFE-35F95ABF17D8}.AppStore|iPhoneSimulator.ActiveCfg = Release|Any CPU
		{87580927-9F8E-42AE-BDFE-35F95ABF17D8}.AppStore|Mixed Platforms.ActiveCfg = Release|Any CPU
		{87580927-9F8E-42AE-BDFE-35F95ABF17D8}.AppStore|x86.ActiveCfg = Release|Any CPU
		{87580927-9F8E-42AE-BDFE-35F95ABF17D8}.Debug|Any CPU.ActiveCfg = Debug|Any CPU
		{87580927-9F8E-42AE-BDFE-35F95ABF17D8}.Debug|Any CPU.Build.0 = Debug|Any CPU
		{87580927-9F8E-42AE-BDFE-35F95ABF17D8}.Debug|ARM.ActiveCfg = Debug|Any CPU
		{87580927-9F8E-42AE-BDFE-35F95ABF17D8}.Debug|iPhone.ActiveCfg = Debug|Any CPU
		{87580927-9F8E-42AE-BDFE-35F95ABF17D8}.Debug|iPhone.Build.0 = Debug|Any CPU
		{87580927-9F8E-42AE-BDFE-35F95ABF17D8}.Debug|iPhoneSimulator.ActiveCfg = Debug|Any CPU
		{87580927-9F8E-42AE-BDFE-35F95ABF17D8}.Debug|iPhoneSimulator.Build.0 = Debug|Any CPU
		{87580927-9F8E-42AE-BDFE-35F95ABF17D8}.Debug|Mixed Platforms.ActiveCfg = Debug|Any CPU
		{87580927-9F8E-42AE-BDFE-35F95ABF17D8}.Debug|x86.ActiveCfg = Debug|Any CPU
		{87580927-9F8E-42AE-BDFE-35F95ABF17D8}.Release|Any CPU.ActiveCfg = Release|Any CPU
		{87580927-9F8E-42AE-BDFE-35F95ABF17D8}.Release|Any CPU.Build.0 = Release|Any CPU
		{87580927-9F8E-42AE-BDFE-35F95ABF17D8}.Release|ARM.ActiveCfg = Release|Any CPU
		{87580927-9F8E-42AE-BDFE-35F95ABF17D8}.Release|iPhone.ActiveCfg = Release|Any CPU
		{87580927-9F8E-42AE-BDFE-35F95ABF17D8}.Release|iPhone.Build.0 = Release|Any CPU
		{87580927-9F8E-42AE-BDFE-35F95ABF17D8}.Release|iPhoneSimulator.ActiveCfg = Release|Any CPU
		{87580927-9F8E-42AE-BDFE-35F95ABF17D8}.Release|iPhoneSimulator.Build.0 = Release|Any CPU
		{87580927-9F8E-42AE-BDFE-35F95ABF17D8}.Release|Mixed Platforms.ActiveCfg = Release|Any CPU
		{87580927-9F8E-42AE-BDFE-35F95ABF17D8}.Release|x86.ActiveCfg = Release|Any CPU
		{EDE30D4F-FC0D-458A-A358-A745FC138DF3}.Ad-Hoc|Any CPU.ActiveCfg = Release|Any CPU
		{EDE30D4F-FC0D-458A-A358-A745FC138DF3}.Ad-Hoc|ARM.ActiveCfg = Release|Any CPU
		{EDE30D4F-FC0D-458A-A358-A745FC138DF3}.Ad-Hoc|iPhone.ActiveCfg = Debug|Any CPU
		{EDE30D4F-FC0D-458A-A358-A745FC138DF3}.Ad-Hoc|iPhone.Build.0 = Debug|Any CPU
		{EDE30D4F-FC0D-458A-A358-A745FC138DF3}.Ad-Hoc|iPhoneSimulator.ActiveCfg = Release|Any CPU
		{EDE30D4F-FC0D-458A-A358-A745FC138DF3}.Ad-Hoc|Mixed Platforms.ActiveCfg = Release|Any CPU
		{EDE30D4F-FC0D-458A-A358-A745FC138DF3}.Ad-Hoc|Mixed Platforms.Build.0 = Release|Any CPU
		{EDE30D4F-FC0D-458A-A358-A745FC138DF3}.Ad-Hoc|x86.ActiveCfg = Release|Any CPU
		{EDE30D4F-FC0D-458A-A358-A745FC138DF3}.AppStore|Any CPU.ActiveCfg = Release|Any CPU
		{EDE30D4F-FC0D-458A-A358-A745FC138DF3}.AppStore|ARM.ActiveCfg = Release|Any CPU
		{EDE30D4F-FC0D-458A-A358-A745FC138DF3}.AppStore|iPhone.ActiveCfg = Debug|Any CPU
		{EDE30D4F-FC0D-458A-A358-A745FC138DF3}.AppStore|iPhone.Build.0 = Debug|Any CPU
		{EDE30D4F-FC0D-458A-A358-A745FC138DF3}.AppStore|iPhoneSimulator.ActiveCfg = Release|Any CPU
		{EDE30D4F-FC0D-458A-A358-A745FC138DF3}.AppStore|Mixed Platforms.ActiveCfg = Release|Any CPU
		{EDE30D4F-FC0D-458A-A358-A745FC138DF3}.AppStore|Mixed Platforms.Build.0 = Release|Any CPU
		{EDE30D4F-FC0D-458A-A358-A745FC138DF3}.AppStore|x86.ActiveCfg = Release|Any CPU
		{EDE30D4F-FC0D-458A-A358-A745FC138DF3}.Debug|Any CPU.ActiveCfg = Debug|Any CPU
		{EDE30D4F-FC0D-458A-A358-A745FC138DF3}.Debug|Any CPU.Build.0 = Debug|Any CPU
		{EDE30D4F-FC0D-458A-A358-A745FC138DF3}.Debug|ARM.ActiveCfg = Debug|Any CPU
		{EDE30D4F-FC0D-458A-A358-A745FC138DF3}.Debug|iPhone.ActiveCfg = Debug|Any CPU
		{EDE30D4F-FC0D-458A-A358-A745FC138DF3}.Debug|iPhone.Build.0 = Debug|Any CPU
		{EDE30D4F-FC0D-458A-A358-A745FC138DF3}.Debug|iPhoneSimulator.ActiveCfg = Debug|Any CPU
		{EDE30D4F-FC0D-458A-A358-A745FC138DF3}.Debug|iPhoneSimulator.Build.0 = Debug|Any CPU
		{EDE30D4F-FC0D-458A-A358-A745FC138DF3}.Debug|Mixed Platforms.ActiveCfg = Debug|Any CPU
		{EDE30D4F-FC0D-458A-A358-A745FC138DF3}.Debug|Mixed Platforms.Build.0 = Debug|Any CPU
		{EDE30D4F-FC0D-458A-A358-A745FC138DF3}.Debug|x86.ActiveCfg = Debug|Any CPU
		{EDE30D4F-FC0D-458A-A358-A745FC138DF3}.Release|Any CPU.ActiveCfg = Release|Any CPU
		{EDE30D4F-FC0D-458A-A358-A745FC138DF3}.Release|Any CPU.Build.0 = Release|Any CPU
		{EDE30D4F-FC0D-458A-A358-A745FC138DF3}.Release|ARM.ActiveCfg = Release|Any CPU
		{EDE30D4F-FC0D-458A-A358-A745FC138DF3}.Release|iPhone.ActiveCfg = Release|Any CPU
		{EDE30D4F-FC0D-458A-A358-A745FC138DF3}.Release|iPhone.Build.0 = Release|Any CPU
		{EDE30D4F-FC0D-458A-A358-A745FC138DF3}.Release|iPhoneSimulator.ActiveCfg = Release|Any CPU
		{EDE30D4F-FC0D-458A-A358-A745FC138DF3}.Release|iPhoneSimulator.Build.0 = Release|Any CPU
		{EDE30D4F-FC0D-458A-A358-A745FC138DF3}.Release|Mixed Platforms.ActiveCfg = Release|Any CPU
		{EDE30D4F-FC0D-458A-A358-A745FC138DF3}.Release|Mixed Platforms.Build.0 = Release|Any CPU
		{EDE30D4F-FC0D-458A-A358-A745FC138DF3}.Release|x86.ActiveCfg = Release|Any CPU
		{D46E20A0-DBA9-49A5-B45E-CE4664850445}.Ad-Hoc|Any CPU.ActiveCfg = Release|Any CPU
		{D46E20A0-DBA9-49A5-B45E-CE4664850445}.Ad-Hoc|ARM.ActiveCfg = Release|Any CPU
		{D46E20A0-DBA9-49A5-B45E-CE4664850445}.Ad-Hoc|iPhone.ActiveCfg = Debug|Any CPU
		{D46E20A0-DBA9-49A5-B45E-CE4664850445}.Ad-Hoc|iPhone.Build.0 = Debug|Any CPU
		{D46E20A0-DBA9-49A5-B45E-CE4664850445}.Ad-Hoc|iPhoneSimulator.ActiveCfg = Release|Any CPU
		{D46E20A0-DBA9-49A5-B45E-CE4664850445}.Ad-Hoc|Mixed Platforms.ActiveCfg = Release|Any CPU
		{D46E20A0-DBA9-49A5-B45E-CE4664850445}.Ad-Hoc|Mixed Platforms.Build.0 = Release|Any CPU
		{D46E20A0-DBA9-49A5-B45E-CE4664850445}.Ad-Hoc|x86.ActiveCfg = Release|Any CPU
		{D46E20A0-DBA9-49A5-B45E-CE4664850445}.AppStore|Any CPU.ActiveCfg = Release|Any CPU
		{D46E20A0-DBA9-49A5-B45E-CE4664850445}.AppStore|ARM.ActiveCfg = Release|Any CPU
		{D46E20A0-DBA9-49A5-B45E-CE4664850445}.AppStore|iPhone.ActiveCfg = Debug|Any CPU
		{D46E20A0-DBA9-49A5-B45E-CE4664850445}.AppStore|iPhone.Build.0 = Debug|Any CPU
		{D46E20A0-DBA9-49A5-B45E-CE4664850445}.AppStore|iPhoneSimulator.ActiveCfg = Release|Any CPU
		{D46E20A0-DBA9-49A5-B45E-CE4664850445}.AppStore|Mixed Platforms.ActiveCfg = Release|Any CPU
		{D46E20A0-DBA9-49A5-B45E-CE4664850445}.AppStore|Mixed Platforms.Build.0 = Release|Any CPU
		{D46E20A0-DBA9-49A5-B45E-CE4664850445}.AppStore|x86.ActiveCfg = Release|Any CPU
		{D46E20A0-DBA9-49A5-B45E-CE4664850445}.Debug|Any CPU.ActiveCfg = Debug|Any CPU
		{D46E20A0-DBA9-49A5-B45E-CE4664850445}.Debug|Any CPU.Build.0 = Debug|Any CPU
		{D46E20A0-DBA9-49A5-B45E-CE4664850445}.Debug|ARM.ActiveCfg = Debug|Any CPU
		{D46E20A0-DBA9-49A5-B45E-CE4664850445}.Debug|iPhone.ActiveCfg = Debug|Any CPU
		{D46E20A0-DBA9-49A5-B45E-CE4664850445}.Debug|iPhone.Build.0 = Debug|Any CPU
		{D46E20A0-DBA9-49A5-B45E-CE4664850445}.Debug|iPhoneSimulator.ActiveCfg = Debug|Any CPU
		{D46E20A0-DBA9-49A5-B45E-CE4664850445}.Debug|iPhoneSimulator.Build.0 = Debug|Any CPU
		{D46E20A0-DBA9-49A5-B45E-CE4664850445}.Debug|Mixed Platforms.ActiveCfg = Debug|Any CPU
		{D46E20A0-DBA9-49A5-B45E-CE4664850445}.Debug|Mixed Platforms.Build.0 = Debug|Any CPU
		{D46E20A0-DBA9-49A5-B45E-CE4664850445}.Debug|x86.ActiveCfg = Debug|Any CPU
		{D46E20A0-DBA9-49A5-B45E-CE4664850445}.Release|Any CPU.ActiveCfg = Release|Any CPU
		{D46E20A0-DBA9-49A5-B45E-CE4664850445}.Release|Any CPU.Build.0 = Release|Any CPU
		{D46E20A0-DBA9-49A5-B45E-CE4664850445}.Release|ARM.ActiveCfg = Release|Any CPU
		{D46E20A0-DBA9-49A5-B45E-CE4664850445}.Release|iPhone.ActiveCfg = Release|Any CPU
		{D46E20A0-DBA9-49A5-B45E-CE4664850445}.Release|iPhone.Build.0 = Release|Any CPU
		{D46E20A0-DBA9-49A5-B45E-CE4664850445}.Release|iPhoneSimulator.ActiveCfg = Release|Any CPU
		{D46E20A0-DBA9-49A5-B45E-CE4664850445}.Release|iPhoneSimulator.Build.0 = Release|Any CPU
		{D46E20A0-DBA9-49A5-B45E-CE4664850445}.Release|Mixed Platforms.ActiveCfg = Release|Any CPU
		{D46E20A0-DBA9-49A5-B45E-CE4664850445}.Release|Mixed Platforms.Build.0 = Release|Any CPU
		{D46E20A0-DBA9-49A5-B45E-CE4664850445}.Release|x86.ActiveCfg = Release|Any CPU
		{15BE2387-8E72-4C0B-8A6A-460EF5FA4539}.Ad-Hoc|Any CPU.ActiveCfg = Release|Any CPU
		{15BE2387-8E72-4C0B-8A6A-460EF5FA4539}.Ad-Hoc|ARM.ActiveCfg = Release|Any CPU
		{15BE2387-8E72-4C0B-8A6A-460EF5FA4539}.Ad-Hoc|iPhone.ActiveCfg = Debug|Any CPU
		{15BE2387-8E72-4C0B-8A6A-460EF5FA4539}.Ad-Hoc|iPhone.Build.0 = Debug|Any CPU
		{15BE2387-8E72-4C0B-8A6A-460EF5FA4539}.Ad-Hoc|iPhoneSimulator.ActiveCfg = Release|Any CPU
		{15BE2387-8E72-4C0B-8A6A-460EF5FA4539}.Ad-Hoc|Mixed Platforms.ActiveCfg = Release|Any CPU
		{15BE2387-8E72-4C0B-8A6A-460EF5FA4539}.Ad-Hoc|Mixed Platforms.Build.0 = Release|Any CPU
		{15BE2387-8E72-4C0B-8A6A-460EF5FA4539}.Ad-Hoc|x86.ActiveCfg = Release|Any CPU
		{15BE2387-8E72-4C0B-8A6A-460EF5FA4539}.AppStore|Any CPU.ActiveCfg = Release|Any CPU
		{15BE2387-8E72-4C0B-8A6A-460EF5FA4539}.AppStore|ARM.ActiveCfg = Release|Any CPU
		{15BE2387-8E72-4C0B-8A6A-460EF5FA4539}.AppStore|iPhone.ActiveCfg = Debug|Any CPU
		{15BE2387-8E72-4C0B-8A6A-460EF5FA4539}.AppStore|iPhone.Build.0 = Debug|Any CPU
		{15BE2387-8E72-4C0B-8A6A-460EF5FA4539}.AppStore|iPhoneSimulator.ActiveCfg = Release|Any CPU
		{15BE2387-8E72-4C0B-8A6A-460EF5FA4539}.AppStore|Mixed Platforms.ActiveCfg = Release|Any CPU
		{15BE2387-8E72-4C0B-8A6A-460EF5FA4539}.AppStore|Mixed Platforms.Build.0 = Release|Any CPU
		{15BE2387-8E72-4C0B-8A6A-460EF5FA4539}.AppStore|x86.ActiveCfg = Release|Any CPU
		{15BE2387-8E72-4C0B-8A6A-460EF5FA4539}.Debug|Any CPU.ActiveCfg = Debug|Any CPU
		{15BE2387-8E72-4C0B-8A6A-460EF5FA4539}.Debug|Any CPU.Build.0 = Debug|Any CPU
		{15BE2387-8E72-4C0B-8A6A-460EF5FA4539}.Debug|ARM.ActiveCfg = Debug|Any CPU
		{15BE2387-8E72-4C0B-8A6A-460EF5FA4539}.Debug|iPhone.ActiveCfg = Debug|Any CPU
		{15BE2387-8E72-4C0B-8A6A-460EF5FA4539}.Debug|iPhone.Build.0 = Debug|Any CPU
		{15BE2387-8E72-4C0B-8A6A-460EF5FA4539}.Debug|iPhoneSimulator.ActiveCfg = Debug|Any CPU
		{15BE2387-8E72-4C0B-8A6A-460EF5FA4539}.Debug|iPhoneSimulator.Build.0 = Debug|Any CPU
		{15BE2387-8E72-4C0B-8A6A-460EF5FA4539}.Debug|Mixed Platforms.ActiveCfg = Debug|Any CPU
		{15BE2387-8E72-4C0B-8A6A-460EF5FA4539}.Debug|Mixed Platforms.Build.0 = Debug|Any CPU
		{15BE2387-8E72-4C0B-8A6A-460EF5FA4539}.Debug|x86.ActiveCfg = Debug|Any CPU
		{15BE2387-8E72-4C0B-8A6A-460EF5FA4539}.Release|Any CPU.ActiveCfg = Release|Any CPU
		{15BE2387-8E72-4C0B-8A6A-460EF5FA4539}.Release|Any CPU.Build.0 = Release|Any CPU
		{15BE2387-8E72-4C0B-8A6A-460EF5FA4539}.Release|ARM.ActiveCfg = Release|Any CPU
		{15BE2387-8E72-4C0B-8A6A-460EF5FA4539}.Release|iPhone.ActiveCfg = Release|Any CPU
		{15BE2387-8E72-4C0B-8A6A-460EF5FA4539}.Release|iPhone.Build.0 = Release|Any CPU
		{15BE2387-8E72-4C0B-8A6A-460EF5FA4539}.Release|iPhoneSimulator.ActiveCfg = Release|Any CPU
		{15BE2387-8E72-4C0B-8A6A-460EF5FA4539}.Release|iPhoneSimulator.Build.0 = Release|Any CPU
		{15BE2387-8E72-4C0B-8A6A-460EF5FA4539}.Release|Mixed Platforms.ActiveCfg = Release|Any CPU
		{15BE2387-8E72-4C0B-8A6A-460EF5FA4539}.Release|Mixed Platforms.Build.0 = Release|Any CPU
		{15BE2387-8E72-4C0B-8A6A-460EF5FA4539}.Release|x86.ActiveCfg = Release|Any CPU
		{08470E0D-EB43-4E07-92F4-020DF019F628}.Ad-Hoc|Any CPU.ActiveCfg = Release|Any CPU
		{08470E0D-EB43-4E07-92F4-020DF019F628}.Ad-Hoc|ARM.ActiveCfg = Release|ARM
		{08470E0D-EB43-4E07-92F4-020DF019F628}.Ad-Hoc|iPhone.ActiveCfg = Debug|Any CPU
		{08470E0D-EB43-4E07-92F4-020DF019F628}.Ad-Hoc|iPhone.Build.0 = Debug|Any CPU
		{08470E0D-EB43-4E07-92F4-020DF019F628}.Ad-Hoc|iPhoneSimulator.ActiveCfg = Release|Any CPU
		{08470E0D-EB43-4E07-92F4-020DF019F628}.Ad-Hoc|Mixed Platforms.ActiveCfg = Release|x86
		{08470E0D-EB43-4E07-92F4-020DF019F628}.Ad-Hoc|Mixed Platforms.Build.0 = Release|x86
		{08470E0D-EB43-4E07-92F4-020DF019F628}.Ad-Hoc|x86.ActiveCfg = Release|x86
		{08470E0D-EB43-4E07-92F4-020DF019F628}.AppStore|Any CPU.ActiveCfg = Release|Any CPU
		{08470E0D-EB43-4E07-92F4-020DF019F628}.AppStore|ARM.ActiveCfg = Release|ARM
		{08470E0D-EB43-4E07-92F4-020DF019F628}.AppStore|iPhone.ActiveCfg = Debug|Any CPU
		{08470E0D-EB43-4E07-92F4-020DF019F628}.AppStore|iPhone.Build.0 = Debug|Any CPU
		{08470E0D-EB43-4E07-92F4-020DF019F628}.AppStore|iPhoneSimulator.ActiveCfg = Release|Any CPU
		{08470E0D-EB43-4E07-92F4-020DF019F628}.AppStore|Mixed Platforms.ActiveCfg = Release|x86
		{08470E0D-EB43-4E07-92F4-020DF019F628}.AppStore|Mixed Platforms.Build.0 = Release|x86
		{08470E0D-EB43-4E07-92F4-020DF019F628}.AppStore|x86.ActiveCfg = Release|x86
		{08470E0D-EB43-4E07-92F4-020DF019F628}.Debug|Any CPU.ActiveCfg = Debug|Any CPU
		{08470E0D-EB43-4E07-92F4-020DF019F628}.Debug|Any CPU.Build.0 = Debug|Any CPU
		{08470E0D-EB43-4E07-92F4-020DF019F628}.Debug|ARM.ActiveCfg = Debug|ARM
		{08470E0D-EB43-4E07-92F4-020DF019F628}.Debug|ARM.Build.0 = Debug|ARM
		{08470E0D-EB43-4E07-92F4-020DF019F628}.Debug|iPhone.ActiveCfg = Debug|Any CPU
		{08470E0D-EB43-4E07-92F4-020DF019F628}.Debug|iPhone.Build.0 = Debug|Any CPU
		{08470E0D-EB43-4E07-92F4-020DF019F628}.Debug|iPhoneSimulator.ActiveCfg = Debug|Any CPU
		{08470E0D-EB43-4E07-92F4-020DF019F628}.Debug|iPhoneSimulator.Build.0 = Debug|Any CPU
		{08470E0D-EB43-4E07-92F4-020DF019F628}.Debug|Mixed Platforms.ActiveCfg = Debug|x86
		{08470E0D-EB43-4E07-92F4-020DF019F628}.Debug|Mixed Platforms.Build.0 = Debug|x86
		{08470E0D-EB43-4E07-92F4-020DF019F628}.Debug|x86.ActiveCfg = Debug|x86
		{08470E0D-EB43-4E07-92F4-020DF019F628}.Debug|x86.Build.0 = Debug|x86
		{08470E0D-EB43-4E07-92F4-020DF019F628}.Release|Any CPU.ActiveCfg = Release|Any CPU
		{08470E0D-EB43-4E07-92F4-020DF019F628}.Release|Any CPU.Build.0 = Release|Any CPU
		{08470E0D-EB43-4E07-92F4-020DF019F628}.Release|ARM.ActiveCfg = Release|ARM
		{08470E0D-EB43-4E07-92F4-020DF019F628}.Release|ARM.Build.0 = Release|ARM
		{08470E0D-EB43-4E07-92F4-020DF019F628}.Release|iPhone.ActiveCfg = Release|Any CPU
		{08470E0D-EB43-4E07-92F4-020DF019F628}.Release|iPhone.Build.0 = Release|Any CPU
		{08470E0D-EB43-4E07-92F4-020DF019F628}.Release|iPhoneSimulator.ActiveCfg = Release|Any CPU
		{08470E0D-EB43-4E07-92F4-020DF019F628}.Release|iPhoneSimulator.Build.0 = Release|Any CPU
		{08470E0D-EB43-4E07-92F4-020DF019F628}.Release|Mixed Platforms.ActiveCfg = Release|x86
		{08470E0D-EB43-4E07-92F4-020DF019F628}.Release|Mixed Platforms.Build.0 = Release|x86
		{08470E0D-EB43-4E07-92F4-020DF019F628}.Release|x86.ActiveCfg = Release|x86
		{08470E0D-EB43-4E07-92F4-020DF019F628}.Release|x86.Build.0 = Release|x86
		{4783294D-8B20-4EBE-90F1-602BF7DD584E}.Ad-Hoc|Any CPU.ActiveCfg = Release|Any CPU
		{4783294D-8B20-4EBE-90F1-602BF7DD584E}.Ad-Hoc|Any CPU.Build.0 = Release|Any CPU
		{4783294D-8B20-4EBE-90F1-602BF7DD584E}.Ad-Hoc|ARM.ActiveCfg = Release|Any CPU
		{4783294D-8B20-4EBE-90F1-602BF7DD584E}.Ad-Hoc|ARM.Build.0 = Release|Any CPU
		{4783294D-8B20-4EBE-90F1-602BF7DD584E}.Ad-Hoc|iPhone.ActiveCfg = Release|Any CPU
		{4783294D-8B20-4EBE-90F1-602BF7DD584E}.Ad-Hoc|iPhone.Build.0 = Release|Any CPU
		{4783294D-8B20-4EBE-90F1-602BF7DD584E}.Ad-Hoc|iPhoneSimulator.ActiveCfg = Release|Any CPU
		{4783294D-8B20-4EBE-90F1-602BF7DD584E}.Ad-Hoc|iPhoneSimulator.Build.0 = Release|Any CPU
		{4783294D-8B20-4EBE-90F1-602BF7DD584E}.Ad-Hoc|Mixed Platforms.ActiveCfg = Release|Any CPU
		{4783294D-8B20-4EBE-90F1-602BF7DD584E}.Ad-Hoc|Mixed Platforms.Build.0 = Release|Any CPU
		{4783294D-8B20-4EBE-90F1-602BF7DD584E}.Ad-Hoc|x86.ActiveCfg = Release|Any CPU
		{4783294D-8B20-4EBE-90F1-602BF7DD584E}.Ad-Hoc|x86.Build.0 = Release|Any CPU
		{4783294D-8B20-4EBE-90F1-602BF7DD584E}.AppStore|Any CPU.ActiveCfg = Release|Any CPU
		{4783294D-8B20-4EBE-90F1-602BF7DD584E}.AppStore|Any CPU.Build.0 = Release|Any CPU
		{4783294D-8B20-4EBE-90F1-602BF7DD584E}.AppStore|ARM.ActiveCfg = Release|Any CPU
		{4783294D-8B20-4EBE-90F1-602BF7DD584E}.AppStore|ARM.Build.0 = Release|Any CPU
		{4783294D-8B20-4EBE-90F1-602BF7DD584E}.AppStore|iPhone.ActiveCfg = Release|Any CPU
		{4783294D-8B20-4EBE-90F1-602BF7DD584E}.AppStore|iPhone.Build.0 = Release|Any CPU
		{4783294D-8B20-4EBE-90F1-602BF7DD584E}.AppStore|iPhoneSimulator.ActiveCfg = Release|Any CPU
		{4783294D-8B20-4EBE-90F1-602BF7DD584E}.AppStore|iPhoneSimulator.Build.0 = Release|Any CPU
		{4783294D-8B20-4EBE-90F1-602BF7DD584E}.AppStore|Mixed Platforms.ActiveCfg = Release|Any CPU
		{4783294D-8B20-4EBE-90F1-602BF7DD584E}.AppStore|Mixed Platforms.Build.0 = Release|Any CPU
		{4783294D-8B20-4EBE-90F1-602BF7DD584E}.AppStore|x86.ActiveCfg = Release|Any CPU
		{4783294D-8B20-4EBE-90F1-602BF7DD584E}.AppStore|x86.Build.0 = Release|Any CPU
		{4783294D-8B20-4EBE-90F1-602BF7DD584E}.Debug|Any CPU.ActiveCfg = Debug|Any CPU
		{4783294D-8B20-4EBE-90F1-602BF7DD584E}.Debug|Any CPU.Build.0 = Debug|Any CPU
		{4783294D-8B20-4EBE-90F1-602BF7DD584E}.Debug|ARM.ActiveCfg = Debug|Any CPU
		{4783294D-8B20-4EBE-90F1-602BF7DD584E}.Debug|ARM.Build.0 = Debug|Any CPU
		{4783294D-8B20-4EBE-90F1-602BF7DD584E}.Debug|iPhone.ActiveCfg = Debug|Any CPU
		{4783294D-8B20-4EBE-90F1-602BF7DD584E}.Debug|iPhone.Build.0 = Debug|Any CPU
		{4783294D-8B20-4EBE-90F1-602BF7DD584E}.Debug|iPhoneSimulator.ActiveCfg = Debug|Any CPU
		{4783294D-8B20-4EBE-90F1-602BF7DD584E}.Debug|iPhoneSimulator.Build.0 = Debug|Any CPU
		{4783294D-8B20-4EBE-90F1-602BF7DD584E}.Debug|Mixed Platforms.ActiveCfg = Debug|Any CPU
		{4783294D-8B20-4EBE-90F1-602BF7DD584E}.Debug|Mixed Platforms.Build.0 = Debug|Any CPU
		{4783294D-8B20-4EBE-90F1-602BF7DD584E}.Debug|x86.ActiveCfg = Debug|Any CPU
		{4783294D-8B20-4EBE-90F1-602BF7DD584E}.Debug|x86.Build.0 = Debug|Any CPU
		{4783294D-8B20-4EBE-90F1-602BF7DD584E}.Release|Any CPU.ActiveCfg = Release|Any CPU
		{4783294D-8B20-4EBE-90F1-602BF7DD584E}.Release|Any CPU.Build.0 = Release|Any CPU
		{4783294D-8B20-4EBE-90F1-602BF7DD584E}.Release|ARM.ActiveCfg = Release|Any CPU
		{4783294D-8B20-4EBE-90F1-602BF7DD584E}.Release|ARM.Build.0 = Release|Any CPU
		{4783294D-8B20-4EBE-90F1-602BF7DD584E}.Release|iPhone.ActiveCfg = Release|Any CPU
		{4783294D-8B20-4EBE-90F1-602BF7DD584E}.Release|iPhone.Build.0 = Release|Any CPU
		{4783294D-8B20-4EBE-90F1-602BF7DD584E}.Release|iPhoneSimulator.ActiveCfg = Release|Any CPU
		{4783294D-8B20-4EBE-90F1-602BF7DD584E}.Release|iPhoneSimulator.Build.0 = Release|Any CPU
		{4783294D-8B20-4EBE-90F1-602BF7DD584E}.Release|Mixed Platforms.ActiveCfg = Release|Any CPU
		{4783294D-8B20-4EBE-90F1-602BF7DD584E}.Release|Mixed Platforms.Build.0 = Release|Any CPU
		{4783294D-8B20-4EBE-90F1-602BF7DD584E}.Release|x86.ActiveCfg = Release|Any CPU
		{4783294D-8B20-4EBE-90F1-602BF7DD584E}.Release|x86.Build.0 = Release|Any CPU
		{3653E844-23F0-4246-A953-CEB9BD9E3AE1}.Ad-Hoc|Any CPU.ActiveCfg = Ad-Hoc|iPhone
		{3653E844-23F0-4246-A953-CEB9BD9E3AE1}.Ad-Hoc|ARM.ActiveCfg = Ad-Hoc|iPhone
		{3653E844-23F0-4246-A953-CEB9BD9E3AE1}.Ad-Hoc|iPhone.ActiveCfg = Ad-Hoc|iPhone
		{3653E844-23F0-4246-A953-CEB9BD9E3AE1}.Ad-Hoc|iPhone.Build.0 = Ad-Hoc|iPhone
		{3653E844-23F0-4246-A953-CEB9BD9E3AE1}.Ad-Hoc|iPhoneSimulator.ActiveCfg = Ad-Hoc|iPhoneSimulator
		{3653E844-23F0-4246-A953-CEB9BD9E3AE1}.Ad-Hoc|iPhoneSimulator.Build.0 = Ad-Hoc|iPhoneSimulator
		{3653E844-23F0-4246-A953-CEB9BD9E3AE1}.Ad-Hoc|Mixed Platforms.ActiveCfg = Ad-Hoc|iPhone
		{3653E844-23F0-4246-A953-CEB9BD9E3AE1}.Ad-Hoc|Mixed Platforms.Build.0 = Ad-Hoc|iPhone
		{3653E844-23F0-4246-A953-CEB9BD9E3AE1}.Ad-Hoc|x86.ActiveCfg = Ad-Hoc|iPhone
		{3653E844-23F0-4246-A953-CEB9BD9E3AE1}.AppStore|Any CPU.ActiveCfg = AppStore|iPhone
		{3653E844-23F0-4246-A953-CEB9BD9E3AE1}.AppStore|ARM.ActiveCfg = AppStore|iPhone
		{3653E844-23F0-4246-A953-CEB9BD9E3AE1}.AppStore|iPhone.ActiveCfg = AppStore|iPhone
		{3653E844-23F0-4246-A953-CEB9BD9E3AE1}.AppStore|iPhone.Build.0 = AppStore|iPhone
		{3653E844-23F0-4246-A953-CEB9BD9E3AE1}.AppStore|iPhoneSimulator.ActiveCfg = AppStore|iPhoneSimulator
		{3653E844-23F0-4246-A953-CEB9BD9E3AE1}.AppStore|iPhoneSimulator.Build.0 = AppStore|iPhoneSimulator
		{3653E844-23F0-4246-A953-CEB9BD9E3AE1}.AppStore|Mixed Platforms.ActiveCfg = AppStore|iPhone
		{3653E844-23F0-4246-A953-CEB9BD9E3AE1}.AppStore|Mixed Platforms.Build.0 = AppStore|iPhone
		{3653E844-23F0-4246-A953-CEB9BD9E3AE1}.AppStore|x86.ActiveCfg = AppStore|iPhone
		{3653E844-23F0-4246-A953-CEB9BD9E3AE1}.Debug|Any CPU.ActiveCfg = Debug|iPhone
		{3653E844-23F0-4246-A953-CEB9BD9E3AE1}.Debug|ARM.ActiveCfg = Debug|iPhone
		{3653E844-23F0-4246-A953-CEB9BD9E3AE1}.Debug|iPhone.ActiveCfg = Debug|iPhone
		{3653E844-23F0-4246-A953-CEB9BD9E3AE1}.Debug|iPhone.Build.0 = Debug|iPhone
		{3653E844-23F0-4246-A953-CEB9BD9E3AE1}.Debug|iPhoneSimulator.ActiveCfg = Debug|iPhoneSimulator
		{3653E844-23F0-4246-A953-CEB9BD9E3AE1}.Debug|iPhoneSimulator.Build.0 = Debug|iPhoneSimulator
		{3653E844-23F0-4246-A953-CEB9BD9E3AE1}.Debug|Mixed Platforms.ActiveCfg = Debug|iPhone
		{3653E844-23F0-4246-A953-CEB9BD9E3AE1}.Debug|Mixed Platforms.Build.0 = Debug|iPhone
		{3653E844-23F0-4246-A953-CEB9BD9E3AE1}.Debug|x86.ActiveCfg = Debug|iPhone
		{3653E844-23F0-4246-A953-CEB9BD9E3AE1}.Release|Any CPU.ActiveCfg = Release|iPhone
		{3653E844-23F0-4246-A953-CEB9BD9E3AE1}.Release|ARM.ActiveCfg = Release|iPhone
		{3653E844-23F0-4246-A953-CEB9BD9E3AE1}.Release|iPhone.ActiveCfg = Release|iPhone
		{3653E844-23F0-4246-A953-CEB9BD9E3AE1}.Release|iPhone.Build.0 = Release|iPhone
		{3653E844-23F0-4246-A953-CEB9BD9E3AE1}.Release|iPhoneSimulator.ActiveCfg = Release|iPhoneSimulator
		{3653E844-23F0-4246-A953-CEB9BD9E3AE1}.Release|iPhoneSimulator.Build.0 = Release|iPhoneSimulator
		{3653E844-23F0-4246-A953-CEB9BD9E3AE1}.Release|Mixed Platforms.ActiveCfg = Release|iPhone
		{3653E844-23F0-4246-A953-CEB9BD9E3AE1}.Release|Mixed Platforms.Build.0 = Release|iPhone
		{3653E844-23F0-4246-A953-CEB9BD9E3AE1}.Release|x86.ActiveCfg = Release|iPhone
		{75211E06-B829-4DC3-B365-31BB47BA5105}.Ad-Hoc|Any CPU.ActiveCfg = Release|Any CPU
		{75211E06-B829-4DC3-B365-31BB47BA5105}.Ad-Hoc|Any CPU.Build.0 = Release|Any CPU
		{75211E06-B829-4DC3-B365-31BB47BA5105}.Ad-Hoc|Any CPU.Deploy.0 = Release|Any CPU
		{75211E06-B829-4DC3-B365-31BB47BA5105}.Ad-Hoc|ARM.ActiveCfg = Release|ARM
		{75211E06-B829-4DC3-B365-31BB47BA5105}.Ad-Hoc|ARM.Build.0 = Release|ARM
		{75211E06-B829-4DC3-B365-31BB47BA5105}.Ad-Hoc|ARM.Deploy.0 = Release|ARM
		{75211E06-B829-4DC3-B365-31BB47BA5105}.Ad-Hoc|iPhone.ActiveCfg = Release|Any CPU
		{75211E06-B829-4DC3-B365-31BB47BA5105}.Ad-Hoc|iPhoneSimulator.ActiveCfg = Release|Any CPU
		{75211E06-B829-4DC3-B365-31BB47BA5105}.Ad-Hoc|Mixed Platforms.ActiveCfg = Release|x86
		{75211E06-B829-4DC3-B365-31BB47BA5105}.Ad-Hoc|Mixed Platforms.Build.0 = Release|x86
		{75211E06-B829-4DC3-B365-31BB47BA5105}.Ad-Hoc|Mixed Platforms.Deploy.0 = Release|x86
		{75211E06-B829-4DC3-B365-31BB47BA5105}.Ad-Hoc|x86.ActiveCfg = Release|x86
		{75211E06-B829-4DC3-B365-31BB47BA5105}.Ad-Hoc|x86.Build.0 = Release|x86
		{75211E06-B829-4DC3-B365-31BB47BA5105}.Ad-Hoc|x86.Deploy.0 = Release|x86
		{75211E06-B829-4DC3-B365-31BB47BA5105}.AppStore|Any CPU.ActiveCfg = Release|Any CPU
		{75211E06-B829-4DC3-B365-31BB47BA5105}.AppStore|Any CPU.Build.0 = Release|Any CPU
		{75211E06-B829-4DC3-B365-31BB47BA5105}.AppStore|Any CPU.Deploy.0 = Release|Any CPU
		{75211E06-B829-4DC3-B365-31BB47BA5105}.AppStore|ARM.ActiveCfg = Release|ARM
		{75211E06-B829-4DC3-B365-31BB47BA5105}.AppStore|ARM.Build.0 = Release|ARM
		{75211E06-B829-4DC3-B365-31BB47BA5105}.AppStore|ARM.Deploy.0 = Release|ARM
		{75211E06-B829-4DC3-B365-31BB47BA5105}.AppStore|iPhone.ActiveCfg = Release|Any CPU
		{75211E06-B829-4DC3-B365-31BB47BA5105}.AppStore|iPhoneSimulator.ActiveCfg = Release|Any CPU
		{75211E06-B829-4DC3-B365-31BB47BA5105}.AppStore|Mixed Platforms.ActiveCfg = Release|x86
		{75211E06-B829-4DC3-B365-31BB47BA5105}.AppStore|Mixed Platforms.Build.0 = Release|x86
		{75211E06-B829-4DC3-B365-31BB47BA5105}.AppStore|Mixed Platforms.Deploy.0 = Release|x86
		{75211E06-B829-4DC3-B365-31BB47BA5105}.AppStore|x86.ActiveCfg = Release|x86
		{75211E06-B829-4DC3-B365-31BB47BA5105}.AppStore|x86.Build.0 = Release|x86
		{75211E06-B829-4DC3-B365-31BB47BA5105}.AppStore|x86.Deploy.0 = Release|x86
		{75211E06-B829-4DC3-B365-31BB47BA5105}.Debug|Any CPU.ActiveCfg = Debug|Any CPU
		{75211E06-B829-4DC3-B365-31BB47BA5105}.Debug|Any CPU.Build.0 = Debug|Any CPU
		{75211E06-B829-4DC3-B365-31BB47BA5105}.Debug|Any CPU.Deploy.0 = Debug|Any CPU
		{75211E06-B829-4DC3-B365-31BB47BA5105}.Debug|ARM.ActiveCfg = Debug|ARM
		{75211E06-B829-4DC3-B365-31BB47BA5105}.Debug|ARM.Build.0 = Debug|ARM
		{75211E06-B829-4DC3-B365-31BB47BA5105}.Debug|ARM.Deploy.0 = Debug|ARM
		{75211E06-B829-4DC3-B365-31BB47BA5105}.Debug|iPhone.ActiveCfg = Debug|Any CPU
		{75211E06-B829-4DC3-B365-31BB47BA5105}.Debug|iPhoneSimulator.ActiveCfg = Debug|Any CPU
		{75211E06-B829-4DC3-B365-31BB47BA5105}.Debug|Mixed Platforms.ActiveCfg = Debug|x86
		{75211E06-B829-4DC3-B365-31BB47BA5105}.Debug|Mixed Platforms.Build.0 = Debug|x86
		{75211E06-B829-4DC3-B365-31BB47BA5105}.Debug|Mixed Platforms.Deploy.0 = Debug|x86
		{75211E06-B829-4DC3-B365-31BB47BA5105}.Debug|x86.ActiveCfg = Debug|x86
		{75211E06-B829-4DC3-B365-31BB47BA5105}.Debug|x86.Build.0 = Debug|x86
		{75211E06-B829-4DC3-B365-31BB47BA5105}.Debug|x86.Deploy.0 = Debug|x86
		{75211E06-B829-4DC3-B365-31BB47BA5105}.Release|Any CPU.ActiveCfg = Release|Any CPU
		{75211E06-B829-4DC3-B365-31BB47BA5105}.Release|Any CPU.Build.0 = Release|Any CPU
		{75211E06-B829-4DC3-B365-31BB47BA5105}.Release|Any CPU.Deploy.0 = Release|Any CPU
		{75211E06-B829-4DC3-B365-31BB47BA5105}.Release|ARM.ActiveCfg = Release|ARM
		{75211E06-B829-4DC3-B365-31BB47BA5105}.Release|ARM.Build.0 = Release|ARM
		{75211E06-B829-4DC3-B365-31BB47BA5105}.Release|ARM.Deploy.0 = Release|ARM
		{75211E06-B829-4DC3-B365-31BB47BA5105}.Release|iPhone.ActiveCfg = Release|Any CPU
		{75211E06-B829-4DC3-B365-31BB47BA5105}.Release|iPhoneSimulator.ActiveCfg = Release|Any CPU
		{75211E06-B829-4DC3-B365-31BB47BA5105}.Release|Mixed Platforms.ActiveCfg = Release|x86
		{75211E06-B829-4DC3-B365-31BB47BA5105}.Release|Mixed Platforms.Build.0 = Release|x86
		{75211E06-B829-4DC3-B365-31BB47BA5105}.Release|Mixed Platforms.Deploy.0 = Release|x86
		{75211E06-B829-4DC3-B365-31BB47BA5105}.Release|x86.ActiveCfg = Release|x86
		{75211E06-B829-4DC3-B365-31BB47BA5105}.Release|x86.Build.0 = Release|x86
		{75211E06-B829-4DC3-B365-31BB47BA5105}.Release|x86.Deploy.0 = Release|x86
	EndGlobalSection
	GlobalSection(SolutionProperties) = preSolution
		HideSolutionNode = FALSE
	EndGlobalSection
	GlobalSection(NestedProjects) = preSolution
		{A0035902-A1F0-4613-A493-1B121FCA2BE1} = {E3189C1B-FAE9-46D6-BFBD-69AC234C9CE9}
		{6882AA0F-683A-4660-BF39-F9F00CC351DD} = {81CB4C1E-73EB-43EE-8877-0D521DDCE6F5}
		{87580927-9F8E-42AE-BDFE-35F95ABF17D8} = {6882AA0F-683A-4660-BF39-F9F00CC351DD}
		{EDE30D4F-FC0D-458A-A358-A745FC138DF3} = {6882AA0F-683A-4660-BF39-F9F00CC351DD}
		{D46E20A0-DBA9-49A5-B45E-CE4664850445} = {6882AA0F-683A-4660-BF39-F9F00CC351DD}
		{15BE2387-8E72-4C0B-8A6A-460EF5FA4539} = {6882AA0F-683A-4660-BF39-F9F00CC351DD}
		{08470E0D-EB43-4E07-92F4-020DF019F628} = {6882AA0F-683A-4660-BF39-F9F00CC351DD}
		{4783294D-8B20-4EBE-90F1-602BF7DD584E} = {6882AA0F-683A-4660-BF39-F9F00CC351DD}
		{73798C80-EB18-442B-9ACD-56A863B942E4} = {81CB4C1E-73EB-43EE-8877-0D521DDCE6F5}
		{6DF7651E-0409-4722-A064-9A334BFFD228} = {81CB4C1E-73EB-43EE-8877-0D521DDCE6F5}
		{3653E844-23F0-4246-A953-CEB9BD9E3AE1} = {E3189C1B-FAE9-46D6-BFBD-69AC234C9CE9}
		{75211E06-B829-4DC3-B365-31BB47BA5105} = {E3189C1B-FAE9-46D6-BFBD-69AC234C9CE9}
	EndGlobalSection
EndGlobal
